{
  "name": "auto-export-to-s3",
  "version": "1.0.0",
  "lockfileVersion": 1,
  "requires": true,
  "dependencies": {
    "@aws-cdk/assets": {
      "version": "1.46.0",
      "resolved": "https://registry.npmjs.org/@aws-cdk/assets/-/assets-1.46.0.tgz",
      "integrity": "sha512-VMsPhDv3VceObgqiERKIsJL/B9R0R067KhsZZVdESxbox/lgehkDSkXJdjZI3eRoBKFv84kI4btz309m9xOFCw==",
      "dev": true,
      "requires": {
        "@aws-cdk/core": "1.46.0",
        "@aws-cdk/cx-api": "1.46.0",
        "constructs": "^3.0.2"
      }
    },
    "@aws-cdk/aws-apigateway": {
      "version": "1.46.0",
      "resolved": "https://registry.npmjs.org/@aws-cdk/aws-apigateway/-/aws-apigateway-1.46.0.tgz",
      "integrity": "sha512-ih2DnNJKRdHb5D+s+XHF1fCjEoMTrasT1Ki+nmH9EXkF957iwIjQo8skPgzlEm8+Ljo7Cj9d1hx7gMTk+3Kt1w==",
      "dev": true,
      "requires": {
        "@aws-cdk/assets": "1.46.0",
        "@aws-cdk/aws-certificatemanager": "1.46.0",
        "@aws-cdk/aws-ec2": "1.46.0",
        "@aws-cdk/aws-elasticloadbalancingv2": "1.46.0",
        "@aws-cdk/aws-iam": "1.46.0",
        "@aws-cdk/aws-lambda": "1.46.0",
        "@aws-cdk/aws-logs": "1.46.0",
        "@aws-cdk/aws-s3": "1.46.0",
        "@aws-cdk/aws-s3-assets": "1.46.0",
        "@aws-cdk/core": "1.46.0",
        "@aws-cdk/cx-api": "1.46.0",
        "constructs": "^3.0.2"
      }
    },
    "@aws-cdk/aws-applicationautoscaling": {
      "version": "1.46.0",
      "resolved": "https://registry.npmjs.org/@aws-cdk/aws-applicationautoscaling/-/aws-applicationautoscaling-1.46.0.tgz",
      "integrity": "sha512-VyHs8+gxrTkM3yj9XhA4PeXesucEvPEgY40sgRlq0fzxVEbfkqHfXDIyTvmR2loc3cbnioVvdds0CbrazJ1u8A==",
      "dev": true,
      "requires": {
        "@aws-cdk/aws-autoscaling-common": "1.46.0",
        "@aws-cdk/aws-cloudwatch": "1.46.0",
        "@aws-cdk/aws-iam": "1.46.0",
        "@aws-cdk/core": "1.46.0",
        "constructs": "^3.0.2"
      }
    },
    "@aws-cdk/aws-autoscaling": {
      "version": "1.46.0",
      "resolved": "https://registry.npmjs.org/@aws-cdk/aws-autoscaling/-/aws-autoscaling-1.46.0.tgz",
      "integrity": "sha512-NqpgfbqBYVZnBFTBSvIxxUjfoKzYh19tL1G34S2tilUM2dntS9jL8uRWYK9Rqb0gPVXAZhpYHCHLgZnIb4GXDA==",
      "dev": true,
      "requires": {
        "@aws-cdk/aws-autoscaling-common": "1.46.0",
        "@aws-cdk/aws-cloudwatch": "1.46.0",
        "@aws-cdk/aws-ec2": "1.46.0",
        "@aws-cdk/aws-elasticloadbalancing": "1.46.0",
        "@aws-cdk/aws-elasticloadbalancingv2": "1.46.0",
        "@aws-cdk/aws-iam": "1.46.0",
        "@aws-cdk/aws-sns": "1.46.0",
        "@aws-cdk/core": "1.46.0",
        "constructs": "^3.0.2"
      }
    },
    "@aws-cdk/aws-autoscaling-common": {
      "version": "1.46.0",
      "resolved": "https://registry.npmjs.org/@aws-cdk/aws-autoscaling-common/-/aws-autoscaling-common-1.46.0.tgz",
      "integrity": "sha512-XQwDvmt/f2KEBblaIGQ/TZH+o5Sg09pYaSz5iouiQf3LEut2Vk9A+VlQeFACNcVWYbHkeIjm2YjdUQkxNYsokQ==",
      "dev": true,
      "requires": {
        "@aws-cdk/aws-iam": "1.46.0",
        "@aws-cdk/core": "1.46.0",
        "constructs": "^3.0.2"
      }
    },
    "@aws-cdk/aws-autoscaling-hooktargets": {
      "version": "1.46.0",
      "resolved": "https://registry.npmjs.org/@aws-cdk/aws-autoscaling-hooktargets/-/aws-autoscaling-hooktargets-1.46.0.tgz",
      "integrity": "sha512-yFCJAQtT3Subd618XFVuN2kneEVc8QbrpYluMj5GqBVkvR9Fz76xisi+5eoIkfgGRwF9xFTHnz6Iqou4D+fG7w==",
      "dev": true,
      "requires": {
        "@aws-cdk/aws-autoscaling": "1.46.0",
        "@aws-cdk/aws-iam": "1.46.0",
        "@aws-cdk/aws-lambda": "1.46.0",
        "@aws-cdk/aws-sns": "1.46.0",
        "@aws-cdk/aws-sns-subscriptions": "1.46.0",
        "@aws-cdk/aws-sqs": "1.46.0",
        "@aws-cdk/core": "1.46.0",
        "constructs": "^3.0.2"
      }
    },
    "@aws-cdk/aws-batch": {
      "version": "1.46.0",
      "resolved": "https://registry.npmjs.org/@aws-cdk/aws-batch/-/aws-batch-1.46.0.tgz",
      "integrity": "sha512-xWnOarZBcN8uYX5Ad0h3Nq1P2pcyfqssMiNA4O59ma7c2nnjSasVCJlqudpHrB3FKNNn4tMy78LXFziLVdixsQ==",
      "dev": true,
      "requires": {
        "@aws-cdk/aws-ec2": "1.46.0",
        "@aws-cdk/aws-ecr": "1.46.0",
        "@aws-cdk/aws-ecs": "1.46.0",
        "@aws-cdk/aws-iam": "1.46.0",
        "@aws-cdk/core": "1.46.0",
        "constructs": "^3.0.2"
      }
    },
    "@aws-cdk/aws-certificatemanager": {
      "version": "1.46.0",
      "resolved": "https://registry.npmjs.org/@aws-cdk/aws-certificatemanager/-/aws-certificatemanager-1.46.0.tgz",
      "integrity": "sha512-hPPX439EXE0tIThMFArNtgUoEbh0tIg6NMmyw+zm6IKQTKj14EQU3bt0BtDFiNsNmNdoDRmu0knk4dZiDKm2gQ==",
      "dev": true,
      "requires": {
        "@aws-cdk/aws-iam": "1.46.0",
        "@aws-cdk/aws-lambda": "1.46.0",
        "@aws-cdk/aws-route53": "1.46.0",
        "@aws-cdk/core": "1.46.0",
        "constructs": "^3.0.2"
      }
    },
    "@aws-cdk/aws-cloudformation": {
      "version": "1.46.0",
      "resolved": "https://registry.npmjs.org/@aws-cdk/aws-cloudformation/-/aws-cloudformation-1.46.0.tgz",
      "integrity": "sha512-1tZiUUdRUiZck8oGJQfgqzNBA2pkLhscnltExtOgM+AQP79FuDDe8V6Iy8inyVwXWxSenKM9GR0FF87RJNjiAQ==",
      "dev": true,
      "requires": {
        "@aws-cdk/aws-iam": "1.46.0",
        "@aws-cdk/aws-lambda": "1.46.0",
        "@aws-cdk/aws-s3": "1.46.0",
        "@aws-cdk/aws-sns": "1.46.0",
        "@aws-cdk/core": "1.46.0",
        "@aws-cdk/cx-api": "1.46.0",
        "constructs": "^3.0.2"
      }
    },
    "@aws-cdk/aws-cloudfront": {
      "version": "1.46.0",
      "resolved": "https://registry.npmjs.org/@aws-cdk/aws-cloudfront/-/aws-cloudfront-1.46.0.tgz",
      "integrity": "sha512-AzPq2WPQ81vDCko5+1fgkQF0spk+KZtvVLKERG6zvBSOJ78VymCyLC0O+S4hEA8OdWTZTjkzYBRn0u0BhwMDow==",
      "dev": true,
      "requires": {
        "@aws-cdk/aws-certificatemanager": "1.46.0",
        "@aws-cdk/aws-iam": "1.46.0",
        "@aws-cdk/aws-kms": "1.46.0",
        "@aws-cdk/aws-lambda": "1.46.0",
        "@aws-cdk/aws-s3": "1.46.0",
        "@aws-cdk/core": "1.46.0",
        "constructs": "^3.0.2"
      }
    },
    "@aws-cdk/aws-cloudwatch": {
      "version": "1.46.0",
      "resolved": "https://registry.npmjs.org/@aws-cdk/aws-cloudwatch/-/aws-cloudwatch-1.46.0.tgz",
      "integrity": "sha512-rIv2NZhkGEmrqzWegBqedaHN/07s9XUaOuRvqG6VoK3Dv1VeL+MpAL7zArWb3KueyAQuPQmdeGXSUENwZ/q9SA==",
      "dev": true,
      "requires": {
        "@aws-cdk/aws-iam": "1.46.0",
        "@aws-cdk/core": "1.46.0",
        "constructs": "^3.0.2"
      }
    },
    "@aws-cdk/aws-codebuild": {
      "version": "1.46.0",
      "resolved": "https://registry.npmjs.org/@aws-cdk/aws-codebuild/-/aws-codebuild-1.46.0.tgz",
      "integrity": "sha512-dojmCjK0a4f4XUKfXmmGJeXQfBfHjocupj0JFDwyY93+r0dTN1gvN6IgCIbGn0q3TuX0Kvf/BHThazNlClej4A==",
      "dev": true,
      "requires": {
        "@aws-cdk/assets": "1.46.0",
        "@aws-cdk/aws-cloudwatch": "1.46.0",
        "@aws-cdk/aws-codecommit": "1.46.0",
        "@aws-cdk/aws-ec2": "1.46.0",
        "@aws-cdk/aws-ecr": "1.46.0",
        "@aws-cdk/aws-ecr-assets": "1.46.0",
        "@aws-cdk/aws-events": "1.46.0",
        "@aws-cdk/aws-iam": "1.46.0",
        "@aws-cdk/aws-kms": "1.46.0",
        "@aws-cdk/aws-s3": "1.46.0",
        "@aws-cdk/aws-s3-assets": "1.46.0",
        "@aws-cdk/aws-secretsmanager": "1.46.0",
        "@aws-cdk/core": "1.46.0",
        "constructs": "^3.0.2"
      }
    },
    "@aws-cdk/aws-codecommit": {
      "version": "1.46.0",
      "resolved": "https://registry.npmjs.org/@aws-cdk/aws-codecommit/-/aws-codecommit-1.46.0.tgz",
      "integrity": "sha512-fiOSby8L9xxtyjysDtl/wU9eQgcheP9gCL1F+lIjOdqEzBzyrrWskfhXL10abX7WxK4i27ljHw4Xzog2qroBLA==",
      "dev": true,
      "requires": {
        "@aws-cdk/aws-events": "1.46.0",
        "@aws-cdk/aws-iam": "1.46.0",
        "@aws-cdk/core": "1.46.0",
        "constructs": "^3.0.2"
      }
    },
    "@aws-cdk/aws-codepipeline": {
      "version": "1.46.0",
      "resolved": "https://registry.npmjs.org/@aws-cdk/aws-codepipeline/-/aws-codepipeline-1.46.0.tgz",
      "integrity": "sha512-zqs8RMaSplQXxqnM2j1ydwxAO2OQ075N8Irxx9v/6K4b+ri7ALA3n+uWiuY1lvJrSM7e/m3+csZ49F/C4yBZhg==",
      "dev": true,
      "requires": {
        "@aws-cdk/aws-events": "1.46.0",
        "@aws-cdk/aws-iam": "1.46.0",
        "@aws-cdk/aws-kms": "1.46.0",
        "@aws-cdk/aws-s3": "1.46.0",
        "@aws-cdk/core": "1.46.0",
        "constructs": "^3.0.2"
      }
    },
    "@aws-cdk/aws-cognito": {
      "version": "1.46.0",
      "resolved": "https://registry.npmjs.org/@aws-cdk/aws-cognito/-/aws-cognito-1.46.0.tgz",
      "integrity": "sha512-O+tJKXuCyOPm2eIqHLb+/vaj+XBFv7JrisAMazkJAf8wsDCbLySUhEg3hlUn3xgs36y1uJqZnVktClkhtJWMdQ==",
      "dev": true,
      "requires": {
        "@aws-cdk/aws-certificatemanager": "1.46.0",
        "@aws-cdk/aws-iam": "1.46.0",
        "@aws-cdk/aws-lambda": "1.46.0",
        "@aws-cdk/core": "1.46.0",
        "@aws-cdk/custom-resources": "1.46.0",
        "constructs": "^3.0.2"
      }
    },
    "@aws-cdk/aws-ec2": {
      "version": "1.46.0",
      "resolved": "https://registry.npmjs.org/@aws-cdk/aws-ec2/-/aws-ec2-1.46.0.tgz",
      "integrity": "sha512-P44KtG/0b5CfC4aDIQMCq356wnuVaLxZ4DR2a1jrQdDaErL7oLslysL3gzQcsfxgpMNM7IzH5pDOp95N9X66dA==",
      "dev": true,
      "requires": {
        "@aws-cdk/aws-cloudwatch": "1.46.0",
        "@aws-cdk/aws-iam": "1.46.0",
        "@aws-cdk/aws-logs": "1.46.0",
        "@aws-cdk/aws-s3": "1.46.0",
        "@aws-cdk/aws-ssm": "1.46.0",
        "@aws-cdk/cloud-assembly-schema": "1.46.0",
        "@aws-cdk/core": "1.46.0",
        "@aws-cdk/cx-api": "1.46.0",
        "@aws-cdk/region-info": "1.46.0",
        "constructs": "^3.0.2"
      }
    },
    "@aws-cdk/aws-ecr": {
      "version": "1.46.0",
      "resolved": "https://registry.npmjs.org/@aws-cdk/aws-ecr/-/aws-ecr-1.46.0.tgz",
      "integrity": "sha512-n8IFJkQ5OOReYJMTGIT6QbJ/Mv/+8wFItiIdyI95/UXVy5yN1ZlRdRhyhv4XFjICc0jW8cq9cD7azUv70riClg==",
      "dev": true,
      "requires": {
        "@aws-cdk/aws-events": "1.46.0",
        "@aws-cdk/aws-iam": "1.46.0",
        "@aws-cdk/core": "1.46.0",
        "@aws-cdk/custom-resources": "1.46.0",
        "constructs": "^3.0.2"
      }
    },
    "@aws-cdk/aws-ecr-assets": {
      "version": "1.46.0",
      "resolved": "https://registry.npmjs.org/@aws-cdk/aws-ecr-assets/-/aws-ecr-assets-1.46.0.tgz",
      "integrity": "sha512-mbYmigGf/JlnAoaYex5SuQjWSZcq8lB00H6983g6526TMFxJ0x+H6EpCgVgk/Ym46yGxg16DrJft8n+ByMU2ag==",
      "dev": true,
      "requires": {
        "@aws-cdk/assets": "1.46.0",
        "@aws-cdk/aws-ecr": "1.46.0",
        "@aws-cdk/aws-iam": "1.46.0",
        "@aws-cdk/aws-lambda": "1.46.0",
        "@aws-cdk/aws-s3": "1.46.0",
        "@aws-cdk/core": "1.46.0",
        "@aws-cdk/cx-api": "1.46.0",
        "constructs": "^3.0.2",
        "minimatch": "^3.0.4"
      },
      "dependencies": {
        "balanced-match": {
          "version": "1.0.0",
          "bundled": true,
          "dev": true
        },
        "brace-expansion": {
          "version": "1.1.11",
          "bundled": true,
          "dev": true,
          "requires": {
            "balanced-match": "^1.0.0",
            "concat-map": "0.0.1"
          }
        },
        "concat-map": {
          "version": "0.0.1",
          "bundled": true,
          "dev": true
        },
        "minimatch": {
          "version": "3.0.4",
          "bundled": true,
          "dev": true,
          "requires": {
            "brace-expansion": "^1.1.7"
          }
        }
      }
    },
    "@aws-cdk/aws-ecs": {
      "version": "1.46.0",
      "resolved": "https://registry.npmjs.org/@aws-cdk/aws-ecs/-/aws-ecs-1.46.0.tgz",
      "integrity": "sha512-8wOFRDPWIyFVzznrRLs1t2N2xRVIcFUND16x9+HJn07DPtLcxfqV2USwRezTY6gDLJd0ciy3lubmxRJp/KUTkg==",
      "dev": true,
      "requires": {
        "@aws-cdk/aws-applicationautoscaling": "1.46.0",
        "@aws-cdk/aws-autoscaling": "1.46.0",
        "@aws-cdk/aws-autoscaling-hooktargets": "1.46.0",
        "@aws-cdk/aws-certificatemanager": "1.46.0",
        "@aws-cdk/aws-cloudwatch": "1.46.0",
        "@aws-cdk/aws-ec2": "1.46.0",
        "@aws-cdk/aws-ecr": "1.46.0",
        "@aws-cdk/aws-ecr-assets": "1.46.0",
        "@aws-cdk/aws-elasticloadbalancing": "1.46.0",
        "@aws-cdk/aws-elasticloadbalancingv2": "1.46.0",
        "@aws-cdk/aws-iam": "1.46.0",
        "@aws-cdk/aws-lambda": "1.46.0",
        "@aws-cdk/aws-logs": "1.46.0",
        "@aws-cdk/aws-route53": "1.46.0",
        "@aws-cdk/aws-route53-targets": "1.46.0",
        "@aws-cdk/aws-secretsmanager": "1.46.0",
        "@aws-cdk/aws-servicediscovery": "1.46.0",
        "@aws-cdk/aws-sns": "1.46.0",
        "@aws-cdk/aws-sqs": "1.46.0",
        "@aws-cdk/aws-ssm": "1.46.0",
        "@aws-cdk/core": "1.46.0",
        "@aws-cdk/cx-api": "1.46.0",
        "constructs": "^3.0.2"
      }
    },
    "@aws-cdk/aws-elasticloadbalancing": {
      "version": "1.46.0",
      "resolved": "https://registry.npmjs.org/@aws-cdk/aws-elasticloadbalancing/-/aws-elasticloadbalancing-1.46.0.tgz",
      "integrity": "sha512-kGhfkNJT2O3OBE3J1sF96z7lfvoMRl/3DPDnp/pZyhXbOwoS3p6hVHa12kxWhVpaqnfJQ16NShuZ7cHdsZ51rQ==",
      "dev": true,
      "requires": {
        "@aws-cdk/aws-ec2": "1.46.0",
        "@aws-cdk/core": "1.46.0",
        "constructs": "^3.0.2"
      }
    },
    "@aws-cdk/aws-elasticloadbalancingv2": {
      "version": "1.46.0",
      "resolved": "https://registry.npmjs.org/@aws-cdk/aws-elasticloadbalancingv2/-/aws-elasticloadbalancingv2-1.46.0.tgz",
      "integrity": "sha512-bHS1h12E5NFf1cBbKGgKKXLg2OM8M9NZKyYukFeGfWZOuGwtEsVOKmQTWIy20mLI4UDnl0whR7ZEW+gMRI1/dA==",
      "dev": true,
      "requires": {
        "@aws-cdk/aws-certificatemanager": "1.46.0",
        "@aws-cdk/aws-cloudwatch": "1.46.0",
        "@aws-cdk/aws-ec2": "1.46.0",
        "@aws-cdk/aws-iam": "1.46.0",
        "@aws-cdk/aws-lambda": "1.46.0",
        "@aws-cdk/aws-s3": "1.46.0",
        "@aws-cdk/core": "1.46.0",
        "constructs": "^3.0.2"
      }
    },
    "@aws-cdk/aws-events": {
      "version": "1.46.0",
      "resolved": "https://registry.npmjs.org/@aws-cdk/aws-events/-/aws-events-1.46.0.tgz",
      "integrity": "sha512-aRwPiTGMT/wiBgYZa9MADull16Xwqt2UkBzDN55qPNwgbA5ZFxFivQJSyAxs4MoA/vD/JSx1sPVPCutpukkGjA==",
      "dev": true,
      "requires": {
        "@aws-cdk/aws-iam": "1.46.0",
        "@aws-cdk/core": "1.46.0",
        "constructs": "^3.0.2"
      }
    },
    "@aws-cdk/aws-events-targets": {
      "version": "1.46.0",
      "resolved": "https://registry.npmjs.org/@aws-cdk/aws-events-targets/-/aws-events-targets-1.46.0.tgz",
      "integrity": "sha512-zR96LFAfqU8iMp+0ecI0f1kFx0Yf4dUmpAOqZDWL/10umPNlAyqLAH2pNkuK7QN0bwF+ERbRghTfQV56t4ACTg==",
      "dev": true,
      "requires": {
        "@aws-cdk/aws-batch": "1.46.0",
        "@aws-cdk/aws-codebuild": "1.46.0",
        "@aws-cdk/aws-codepipeline": "1.46.0",
        "@aws-cdk/aws-ec2": "1.46.0",
        "@aws-cdk/aws-ecs": "1.46.0",
        "@aws-cdk/aws-events": "1.46.0",
        "@aws-cdk/aws-iam": "1.46.0",
        "@aws-cdk/aws-kinesis": "1.46.0",
        "@aws-cdk/aws-lambda": "1.46.0",
        "@aws-cdk/aws-sns": "1.46.0",
        "@aws-cdk/aws-sns-subscriptions": "1.46.0",
        "@aws-cdk/aws-sqs": "1.46.0",
        "@aws-cdk/aws-stepfunctions": "1.46.0",
        "@aws-cdk/core": "1.46.0",
        "constructs": "^3.0.2"
      }
    },
    "@aws-cdk/aws-iam": {
      "version": "1.46.0",
      "resolved": "https://registry.npmjs.org/@aws-cdk/aws-iam/-/aws-iam-1.46.0.tgz",
      "integrity": "sha512-D400DpnQ8u+Iz2SauL/16P13g4GT1A38rPtbs4S7I5Y9ZVlHkCf0fbwBwKrZt+Tn/GtHj4oqkchWBd9fd9TAPA==",
      "dev": true,
      "requires": {
        "@aws-cdk/core": "1.46.0",
        "@aws-cdk/region-info": "1.46.0",
        "constructs": "^3.0.2"
      }
    },
    "@aws-cdk/aws-kinesis": {
      "version": "1.46.0",
      "resolved": "https://registry.npmjs.org/@aws-cdk/aws-kinesis/-/aws-kinesis-1.46.0.tgz",
      "integrity": "sha512-IkQ3IEh7kPpoaku96j7tfKFfR/q0LYWBbVnwkxYY96C3LjidKYexCBwRqM+5uvIsXr7tyx3wsQMfly1H/4ArMA==",
      "dev": true,
      "requires": {
        "@aws-cdk/aws-iam": "1.46.0",
        "@aws-cdk/aws-kms": "1.46.0",
        "@aws-cdk/aws-logs": "1.46.0",
        "@aws-cdk/core": "1.46.0",
        "constructs": "^3.0.2"
      }
    },
    "@aws-cdk/aws-kms": {
      "version": "1.46.0",
      "resolved": "https://registry.npmjs.org/@aws-cdk/aws-kms/-/aws-kms-1.46.0.tgz",
      "integrity": "sha512-+lTJ7YsFh4gy6xLb/WvG07gIERPJP1FEODkqHl0NaZ5fxTNFgCV7Y883jsmaof+Hpj4jJRfFv1D9HHwvs9DZIQ==",
      "dev": true,
      "requires": {
        "@aws-cdk/aws-iam": "1.46.0",
        "@aws-cdk/core": "1.46.0",
        "constructs": "^3.0.2"
      }
    },
    "@aws-cdk/aws-lambda": {
      "version": "1.46.0",
      "resolved": "https://registry.npmjs.org/@aws-cdk/aws-lambda/-/aws-lambda-1.46.0.tgz",
      "integrity": "sha512-REgRPPbJt/UD7n2fRbpJHK17fMDA0PED+gCvlctEw2chIUsJx601FDHG74vVKtm0R7UEM2svADzNm2Tv5YnVTw==",
      "dev": true,
      "requires": {
        "@aws-cdk/aws-cloudwatch": "1.46.0",
        "@aws-cdk/aws-ec2": "1.46.0",
        "@aws-cdk/aws-events": "1.46.0",
        "@aws-cdk/aws-iam": "1.46.0",
        "@aws-cdk/aws-logs": "1.46.0",
        "@aws-cdk/aws-s3": "1.46.0",
        "@aws-cdk/aws-s3-assets": "1.46.0",
        "@aws-cdk/aws-sqs": "1.46.0",
        "@aws-cdk/core": "1.46.0",
        "@aws-cdk/cx-api": "1.46.0",
        "constructs": "^3.0.2"
      }
    },
    "@aws-cdk/aws-logs": {
      "version": "1.46.0",
      "resolved": "https://registry.npmjs.org/@aws-cdk/aws-logs/-/aws-logs-1.46.0.tgz",
      "integrity": "sha512-JcP7AJXQfC+uoEJhyZ1Y6uh1sIF9swN1q/NG4bNij3jaU7tlbZj7iHgy+k2XwH+1aNA96CeRyKCD6NSgo6w/kQ==",
      "dev": true,
      "requires": {
        "@aws-cdk/aws-cloudwatch": "1.46.0",
        "@aws-cdk/aws-iam": "1.46.0",
        "@aws-cdk/core": "1.46.0",
        "constructs": "^3.0.2"
      }
    },
    "@aws-cdk/aws-route53": {
      "version": "1.46.0",
      "resolved": "https://registry.npmjs.org/@aws-cdk/aws-route53/-/aws-route53-1.46.0.tgz",
      "integrity": "sha512-YYc7sxCCf0V7Ma478dHJk2+0DmOJa9wgURdKku4cMm3G4qQmRZ2GG+z6Hsf8DBLa6wg73fHxarQGTFqBSAmnHg==",
      "dev": true,
      "requires": {
        "@aws-cdk/aws-ec2": "1.46.0",
        "@aws-cdk/aws-logs": "1.46.0",
        "@aws-cdk/cloud-assembly-schema": "1.46.0",
        "@aws-cdk/core": "1.46.0",
        "constructs": "^3.0.2"
      }
    },
    "@aws-cdk/aws-route53-targets": {
      "version": "1.46.0",
      "resolved": "https://registry.npmjs.org/@aws-cdk/aws-route53-targets/-/aws-route53-targets-1.46.0.tgz",
      "integrity": "sha512-wqV8TBGqBQCl2YT7D88wbDmse5RTskEUpBvKZAdQ2UD35HTD+lTPapqcEERJd7Q35CyEFS1PR73JjlDOLc4/9g==",
      "dev": true,
      "requires": {
        "@aws-cdk/aws-apigateway": "1.46.0",
        "@aws-cdk/aws-cloudfront": "1.46.0",
        "@aws-cdk/aws-cognito": "1.46.0",
        "@aws-cdk/aws-ec2": "1.46.0",
        "@aws-cdk/aws-elasticloadbalancing": "1.46.0",
        "@aws-cdk/aws-elasticloadbalancingv2": "1.46.0",
        "@aws-cdk/aws-iam": "1.46.0",
        "@aws-cdk/aws-route53": "1.46.0",
        "@aws-cdk/aws-s3": "1.46.0",
        "@aws-cdk/core": "1.46.0",
        "@aws-cdk/region-info": "1.46.0",
        "constructs": "^3.0.2"
      }
    },
    "@aws-cdk/aws-s3": {
      "version": "1.46.0",
      "resolved": "https://registry.npmjs.org/@aws-cdk/aws-s3/-/aws-s3-1.46.0.tgz",
      "integrity": "sha512-v9R6AK/SQHqwMwiXvou2Ww5RrqUghlCJyW4cmn2rrbwbgYRMbMLgYGcrYb3OSxenjYP68cPtw+UB+/zjsVjHMg==",
      "dev": true,
      "requires": {
        "@aws-cdk/aws-events": "1.46.0",
        "@aws-cdk/aws-iam": "1.46.0",
        "@aws-cdk/aws-kms": "1.46.0",
        "@aws-cdk/core": "1.46.0",
        "constructs": "^3.0.2"
      }
    },
    "@aws-cdk/aws-s3-assets": {
      "version": "1.46.0",
      "resolved": "https://registry.npmjs.org/@aws-cdk/aws-s3-assets/-/aws-s3-assets-1.46.0.tgz",
      "integrity": "sha512-JdQkwBSgEJNmSQlBphsQ3AgflpbXnTibGcf6xFGXa/0+Qgc12GUA6KX3qdcd29CQhej3tYprK6Bne3Y2jjZT3g==",
      "dev": true,
      "requires": {
        "@aws-cdk/assets": "1.46.0",
        "@aws-cdk/aws-iam": "1.46.0",
        "@aws-cdk/aws-kms": "1.46.0",
        "@aws-cdk/aws-s3": "1.46.0",
        "@aws-cdk/core": "1.46.0",
        "@aws-cdk/cx-api": "1.46.0",
        "constructs": "^3.0.2"
      }
    },
    "@aws-cdk/aws-sam": {
      "version": "1.46.0",
      "resolved": "https://registry.npmjs.org/@aws-cdk/aws-sam/-/aws-sam-1.46.0.tgz",
      "integrity": "sha512-6jU0CPMfJ/6dWEEdg8ulw9davQ0I/0bh29pyWmq4kIoCLmOsnkz+QYohKc1BcREU9Q1DHBeXE6r7+PP6YrQuBw==",
      "dev": true,
      "requires": {
        "@aws-cdk/core": "1.46.0",
        "constructs": "^3.0.2"
      }
    },
    "@aws-cdk/aws-secretsmanager": {
      "version": "1.46.0",
      "resolved": "https://registry.npmjs.org/@aws-cdk/aws-secretsmanager/-/aws-secretsmanager-1.46.0.tgz",
      "integrity": "sha512-92DBM96uHIknEGq8S6Fr+WvFY8ZwotvTYNJZMAyZbyyMBD5KsPD8VyAlhljzBqd+Y8GRdE6s5ymYo945GdAUDA==",
      "dev": true,
      "requires": {
        "@aws-cdk/aws-ec2": "1.46.0",
        "@aws-cdk/aws-iam": "1.46.0",
        "@aws-cdk/aws-kms": "1.46.0",
        "@aws-cdk/aws-lambda": "1.46.0",
        "@aws-cdk/aws-sam": "1.46.0",
        "@aws-cdk/core": "1.46.0",
        "constructs": "^3.0.2"
      }
    },
    "@aws-cdk/aws-servicediscovery": {
      "version": "1.46.0",
      "resolved": "https://registry.npmjs.org/@aws-cdk/aws-servicediscovery/-/aws-servicediscovery-1.46.0.tgz",
      "integrity": "sha512-IBdCrzDqKNgzSZhNFkOufJ/UW8zU+FGdK8sQ1M2E+IpHjj8gdB1gC8id2S/woj6qX6st0bR2m26arOXq00C97Q==",
      "dev": true,
      "requires": {
        "@aws-cdk/aws-ec2": "1.46.0",
        "@aws-cdk/aws-elasticloadbalancingv2": "1.46.0",
        "@aws-cdk/aws-route53": "1.46.0",
        "@aws-cdk/core": "1.46.0",
        "constructs": "^3.0.2"
      }
    },
    "@aws-cdk/aws-sns": {
      "version": "1.46.0",
      "resolved": "https://registry.npmjs.org/@aws-cdk/aws-sns/-/aws-sns-1.46.0.tgz",
      "integrity": "sha512-9rhuWQFaaMLzVGC9RkpKv6dw1qY+ARNeHyqBZUDCzO9jvo/eO5LzPOhkQPIiZi/vL1T2JEBvo26ySj/u520pbA==",
      "dev": true,
      "requires": {
        "@aws-cdk/aws-cloudwatch": "1.46.0",
        "@aws-cdk/aws-events": "1.46.0",
        "@aws-cdk/aws-iam": "1.46.0",
        "@aws-cdk/aws-kms": "1.46.0",
        "@aws-cdk/aws-sqs": "1.46.0",
        "@aws-cdk/core": "1.46.0",
        "constructs": "^3.0.2"
      }
    },
    "@aws-cdk/aws-sns-subscriptions": {
      "version": "1.46.0",
      "resolved": "https://registry.npmjs.org/@aws-cdk/aws-sns-subscriptions/-/aws-sns-subscriptions-1.46.0.tgz",
      "integrity": "sha512-QzkgFYQ82Lpt7XK1iX4CcygRvttRB0xC2phmTrs7LazZ5veb4KmUlngU8x8gEJ1dD1Evi5R6WmTN6UAac9Et1w==",
      "dev": true,
      "requires": {
        "@aws-cdk/aws-iam": "1.46.0",
        "@aws-cdk/aws-lambda": "1.46.0",
        "@aws-cdk/aws-sns": "1.46.0",
        "@aws-cdk/aws-sqs": "1.46.0",
        "@aws-cdk/core": "1.46.0",
        "constructs": "^3.0.2"
      }
    },
    "@aws-cdk/aws-sqs": {
      "version": "1.46.0",
      "resolved": "https://registry.npmjs.org/@aws-cdk/aws-sqs/-/aws-sqs-1.46.0.tgz",
      "integrity": "sha512-HG7rClnwzJJYbNVzpO4JL7F4V/iM/0DTmL+q4QwzsWFIV9CPPMMC3FsoPCz4H4+Lj2/bXeU+7kcI9qJzvqmejg==",
      "dev": true,
      "requires": {
        "@aws-cdk/aws-cloudwatch": "1.46.0",
        "@aws-cdk/aws-iam": "1.46.0",
        "@aws-cdk/aws-kms": "1.46.0",
        "@aws-cdk/core": "1.46.0",
        "constructs": "^3.0.2"
      }
    },
    "@aws-cdk/aws-ssm": {
      "version": "1.46.0",
      "resolved": "https://registry.npmjs.org/@aws-cdk/aws-ssm/-/aws-ssm-1.46.0.tgz",
      "integrity": "sha512-Y2pNW7wA6+916kdNXG1kgJvDiBG2nzHKyVZUTort3p8P51GeoKVx+sKmD7Unp3JW64tYQUAfKs+XP0PWV4ZwCA==",
      "dev": true,
      "requires": {
        "@aws-cdk/aws-iam": "1.46.0",
        "@aws-cdk/aws-kms": "1.46.0",
        "@aws-cdk/cloud-assembly-schema": "1.46.0",
        "@aws-cdk/core": "1.46.0",
        "constructs": "^3.0.2"
      }
    },
    "@aws-cdk/aws-stepfunctions": {
      "version": "1.46.0",
      "resolved": "https://registry.npmjs.org/@aws-cdk/aws-stepfunctions/-/aws-stepfunctions-1.46.0.tgz",
      "integrity": "sha512-VsVHzigyaufaHiyIsep0Gmz3lIHL4+e1SDbBCNyNSqIgXdP/xli/aiZyLfyW0jr+IN5GXTNFPd1Rqc2Nmfvt+g==",
      "dev": true,
      "requires": {
        "@aws-cdk/aws-cloudwatch": "1.46.0",
        "@aws-cdk/aws-events": "1.46.0",
        "@aws-cdk/aws-iam": "1.46.0",
        "@aws-cdk/aws-logs": "1.46.0",
        "@aws-cdk/core": "1.46.0",
        "constructs": "^3.0.2"
      }
    },
    "@aws-cdk/cdk-assets-schema": {
      "version": "1.46.0",
      "resolved": "https://registry.npmjs.org/@aws-cdk/cdk-assets-schema/-/cdk-assets-schema-1.46.0.tgz",
      "integrity": "sha512-5YM/WHdfiiXkyN+oqPWIcrU7nQUzEVRmViiN+SGy/NZ6Tj9r30N9YygYMZO8z9sM7r20dOTl+pY9SYrclIeNUQ==",
      "dev": true,
      "requires": {
        "semver": "^7.2.2"
      },
      "dependencies": {
        "semver": {
          "version": "7.3.2",
          "bundled": true,
          "dev": true
        }
      }
    },
    "@aws-cdk/cloud-assembly-schema": {
      "version": "1.46.0",
      "resolved": "https://registry.npmjs.org/@aws-cdk/cloud-assembly-schema/-/cloud-assembly-schema-1.46.0.tgz",
      "integrity": "sha512-ji92c9RCMoY426vH1RbLstUOiUYqM84qa4Ww9Nsbn6Aw3qIS1Gz603dNgcIl+rK78SOq6WqlgykSyFAFykqVgA==",
      "dev": true,
      "requires": {
        "jsonschema": "^1.2.5",
        "semver": "^7.2.2"
      },
      "dependencies": {
        "jsonschema": {
          "version": "1.2.6",
          "bundled": true,
          "dev": true
        },
        "semver": {
          "version": "7.3.2",
          "bundled": true,
          "dev": true
        }
      }
    },
    "@aws-cdk/core": {
      "version": "1.46.0",
      "resolved": "https://registry.npmjs.org/@aws-cdk/core/-/core-1.46.0.tgz",
      "integrity": "sha512-PqK0fmt28ExMNXJiAdZU3A0jQeynd3Set+P86Tx9p2t7tI92oArh9lhuBGhoZ0sTjTUD0/ZqX4dYnH7JcFYUAg==",
      "dev": true,
      "requires": {
        "@aws-cdk/cdk-assets-schema": "1.46.0",
        "@aws-cdk/cloud-assembly-schema": "1.46.0",
        "@aws-cdk/cx-api": "1.46.0",
        "constructs": "^3.0.2",
        "fs-extra": "^9.0.1",
        "minimatch": "^3.0.4"
      },
      "dependencies": {
        "at-least-node": {
          "version": "1.0.0",
          "bundled": true,
          "dev": true
        },
        "balanced-match": {
          "version": "1.0.0",
          "bundled": true,
          "dev": true
        },
        "brace-expansion": {
          "version": "1.1.11",
          "bundled": true,
          "dev": true,
          "requires": {
            "balanced-match": "^1.0.0",
            "concat-map": "0.0.1"
          }
        },
        "concat-map": {
          "version": "0.0.1",
          "bundled": true,
          "dev": true
        },
        "fs-extra": {
          "version": "9.0.1",
          "bundled": true,
          "dev": true,
          "requires": {
            "at-least-node": "^1.0.0",
            "graceful-fs": "^4.2.0",
            "jsonfile": "^6.0.1",
            "universalify": "^1.0.0"
          }
        },
        "graceful-fs": {
          "version": "4.2.4",
          "bundled": true,
          "dev": true
        },
        "jsonfile": {
          "version": "6.0.1",
          "bundled": true,
          "dev": true,
          "requires": {
            "graceful-fs": "^4.1.6",
            "universalify": "^1.0.0"
          }
        },
        "minimatch": {
          "version": "3.0.4",
          "bundled": true,
          "dev": true,
          "requires": {
            "brace-expansion": "^1.1.7"
          }
        },
        "universalify": {
          "version": "1.0.0",
          "bundled": true,
          "dev": true
        }
      }
    },
    "@aws-cdk/custom-resources": {
      "version": "1.46.0",
      "resolved": "https://registry.npmjs.org/@aws-cdk/custom-resources/-/custom-resources-1.46.0.tgz",
      "integrity": "sha512-NJUTvY5o9pBiRSV8Sj1UTmhHCvHGUFjnAbwNl4cZLFqYWF4KYyxEmmQjPMmCIgn2FWySnMEVhVN9FmrvEznaQQ==",
      "dev": true,
      "requires": {
        "@aws-cdk/aws-cloudformation": "1.46.0",
        "@aws-cdk/aws-iam": "1.46.0",
        "@aws-cdk/aws-lambda": "1.46.0",
        "@aws-cdk/aws-logs": "1.46.0",
        "@aws-cdk/aws-sns": "1.46.0",
        "@aws-cdk/core": "1.46.0",
        "constructs": "^3.0.2"
      }
    },
    "@aws-cdk/cx-api": {
      "version": "1.46.0",
      "resolved": "https://registry.npmjs.org/@aws-cdk/cx-api/-/cx-api-1.46.0.tgz",
      "integrity": "sha512-3U4wbywHlYLqWllCNOVGqxDee3N5PxaQHkjpC3v0vhI+LPwcJEW1Vz11k3PMG6FaPcrLrfkAn1y7HSFsPXh8Qg==",
      "dev": true,
      "requires": {
        "@aws-cdk/cloud-assembly-schema": "1.46.0",
        "semver": "^7.2.2"
      },
      "dependencies": {
        "semver": {
          "version": "7.3.2",
          "bundled": true,
          "dev": true
        }
      }
    },
    "@aws-cdk/region-info": {
      "version": "1.46.0",
      "resolved": "https://registry.npmjs.org/@aws-cdk/region-info/-/region-info-1.46.0.tgz",
      "integrity": "sha512-EJYZCi2WVUnjPPlxJko66Vzc3LbAFA4dkdC9TDV+IxuBqGVts/7oHJf/Ca9RVglkbOkov7p78OTBWmONqncDEg==",
      "dev": true
    },
    "@types/aws-lambda": {
      "version": "8.10.39",
      "resolved": "https://registry.npmjs.org/@types/aws-lambda/-/aws-lambda-8.10.39.tgz",
      "integrity": "sha512-6qxQ4wS636AapVvDbzltI/Xn69QWxjcvohvxd/+MTWzdE9Vqz1xgERr38jEbBGEkyyG8y819nAhjGsiY6KNh1A==",
      "dev": true
    },
    "@types/bunyan": {
      "version": "1.8.6",
      "resolved": "https://registry.npmjs.org/@types/bunyan/-/bunyan-1.8.6.tgz",
      "integrity": "sha512-YiozPOOsS6bIuz31ilYqR5SlLif4TBWsousN2aCWLi5233nZSX19tFbcQUPdR7xJ8ypPyxkCGNxg0CIV5n9qxQ==",
      "dev": true,
      "requires": {
        "@types/node": "*"
      }
    },
    "@types/node": {
      "version": "12.12.21",
      "resolved": "https://registry.npmjs.org/@types/node/-/node-12.12.21.tgz",
      "integrity": "sha512-8sRGhbpU+ck1n0PGAUgVrWrWdjSW2aqNeyC15W88GRsMpSwzv6RJGlLhE7s2RhVSOdyDmxbqlWSeThq4/7xqlA==",
      "dev": true
    },
    "aws-sdk": {
      "version": "2.704.0",
      "resolved": "https://registry.npmjs.org/aws-sdk/-/aws-sdk-2.704.0.tgz",
      "integrity": "sha512-Cjkc86+9sKNn34iIiMa4MimHmr1xpNQZaPVHnnQCpBuh0p6VMDPloz3xc+4LEyoNuwIBzTRjZCVUePVyc31+gw==",
      "requires": {
        "buffer": "4.9.2",
        "events": "1.1.1",
        "ieee754": "1.1.13",
        "jmespath": "0.15.0",
        "querystring": "0.2.0",
        "sax": "1.2.1",
        "url": "0.10.3",
        "uuid": "3.3.2",
        "xml2js": "0.4.19"
      }
    },
    "balanced-match": {
      "version": "1.0.0",
      "resolved": "https://registry.npmjs.org/balanced-match/-/balanced-match-1.0.0.tgz",
      "integrity": "sha1-ibTRmasr7kneFk6gK4nORi1xt2c=",
      "optional": true
    },
    "base64-js": {
      "version": "1.3.1",
      "resolved": "https://registry.npmjs.org/base64-js/-/base64-js-1.3.1.tgz",
      "integrity": "sha512-mLQ4i2QO1ytvGWFWmcngKO//JXAQueZvwEKtjgQFM4jIK0kU+ytMfplL8j+n5mspOfjHwoAg+9yhb7BwAHm36g=="
    },
    "brace-expansion": {
      "version": "1.1.11",
      "resolved": "https://registry.npmjs.org/brace-expansion/-/brace-expansion-1.1.11.tgz",
      "integrity": "sha512-iCuPHDFgrHX7H2vEI/5xpz07zSHB00TpugqhmYtVmMO6518mCuRMoOYFldEBl0g187ufozdaHgWKcYFb61qGiA==",
      "optional": true,
      "requires": {
        "balanced-match": "^1.0.0",
        "concat-map": "0.0.1"
      }
    },
    "buffer": {
      "version": "4.9.2",
      "resolved": "https://registry.npmjs.org/buffer/-/buffer-4.9.2.tgz",
      "integrity": "sha512-xq+q3SRMOxGivLhBNaUdC64hDTQwejJ+H0T/NB1XMtTVEwNTrfFF3gAxiyW0Bu/xWEGhjVKgUcMhCrUy2+uCWg==",
      "requires": {
        "base64-js": "^1.0.2",
        "ieee754": "^1.1.4",
        "isarray": "^1.0.0"
      }
    },
    "bunyan": {
      "version": "1.8.12",
      "resolved": "https://registry.npmjs.org/bunyan/-/bunyan-1.8.12.tgz",
      "integrity": "sha1-8VDw9nSKvdcq6uhPBEA74u8RN5c=",
      "requires": {
        "dtrace-provider": "~0.8",
        "moment": "^2.10.6",
        "mv": "~2",
        "safe-json-stringify": "~1"
      }
    },
    "concat-map": {
      "version": "0.0.1",
      "resolved": "https://registry.npmjs.org/concat-map/-/concat-map-0.0.1.tgz",
      "integrity": "sha1-2Klr13/Wjfd5OnMDajug1UBdR3s=",
      "optional": true
    },
    "constructs": {
      "version": "3.0.4",
      "resolved": "https://registry.npmjs.org/constructs/-/constructs-3.0.4.tgz",
      "integrity": "sha512-CDvg7gMjphE3DFX4pzkF6j73NREbR8npPFW8Mx/CLRnMR035+Y1o1HrXIsNSss/dq3ZUnNTU9jKyd3fL9EOlfw==",
      "dev": true
    },
    "dtrace-provider": {
      "version": "0.8.8",
      "resolved": "https://registry.npmjs.org/dtrace-provider/-/dtrace-provider-0.8.8.tgz",
      "integrity": "sha512-b7Z7cNtHPhH9EJhNNbbeqTcXB8LGFFZhq1PGgEvpeHlzd36bhbdTWoE/Ba/YguqpBSlAPKnARWhVlhunCMwfxg==",
      "optional": true,
      "requires": {
        "nan": "^2.14.0"
      }
    },
    "events": {
      "version": "1.1.1",
      "resolved": "https://registry.npmjs.org/events/-/events-1.1.1.tgz",
      "integrity": "sha1-nr23Y1rQmccNzEwqH1AEKI6L2SQ="
    },
    "glob": {
      "version": "6.0.4",
      "resolved": "https://registry.npmjs.org/glob/-/glob-6.0.4.tgz",
      "integrity": "sha1-DwiGD2oVUSey+t1PnOJLGqtuTSI=",
      "optional": true,
      "requires": {
        "inflight": "^1.0.4",
        "inherits": "2",
        "minimatch": "2 || 3",
        "once": "^1.3.0",
        "path-is-absolute": "^1.0.0"
      }
    },
    "ieee754": {
      "version": "1.1.13",
      "resolved": "https://registry.npmjs.org/ieee754/-/ieee754-1.1.13.tgz",
      "integrity": "sha512-4vf7I2LYV/HaWerSo3XmlMkp5eZ83i+/CDluXi/IGTs/O1sejBNhTtnxzmRZfvOUqj7lZjqHkeTvpgSFDlWZTg=="
    },
    "inflight": {
      "version": "1.0.6",
      "resolved": "https://registry.npmjs.org/inflight/-/inflight-1.0.6.tgz",
      "integrity": "sha1-Sb1jMdfQLQwJvJEKEHW6gWW1bfk=",
      "optional": true,
      "requires": {
        "once": "^1.3.0",
        "wrappy": "1"
      }
    },
    "inherits": {
      "version": "2.0.4",
      "resolved": "https://registry.npmjs.org/inherits/-/inherits-2.0.4.tgz",
      "integrity": "sha512-k/vGaX4/Yla3WzyMCvTQOXYeIHvqOKtnqBduzTHpzpQZzAskKMhZ2K+EnBiSM9zGSoIFeMpXKxa4dYeZIQqewQ==",
      "optional": true
    },
    "isarray": {
      "version": "1.0.0",
      "resolved": "https://registry.npmjs.org/isarray/-/isarray-1.0.0.tgz",
      "integrity": "sha1-u5NdSFgsuhaMBoNJV6VKPgcSTxE="
    },
    "jmespath": {
      "version": "0.15.0",
      "resolved": "https://registry.npmjs.org/jmespath/-/jmespath-0.15.0.tgz",
      "integrity": "sha1-o/Iiqarp+Wb10nx5ZRDigJF2Qhc="
    },
    "minimatch": {
      "version": "3.0.4",
      "resolved": "https://registry.npmjs.org/minimatch/-/minimatch-3.0.4.tgz",
      "integrity": "sha512-yJHVQEhyqPLUTgt9B83PXu6W3rx4MvvHvSUvToogpwoGDOUQ+yDrR0HRot+yOCdCO7u4hX3pWft6kWBBcqh0UA==",
      "optional": true,
      "requires": {
        "brace-expansion": "^1.1.7"
      }
    },
    "minimist": {
      "version": "1.2.5",
      "resolved": "https://registry.npmjs.org/minimist/-/minimist-1.2.5.tgz",
      "integrity": "sha512-FM9nNUYrRBAELZQT3xeZQ7fmMOBg6nWNmJKTcgsJeaLstP/UODVpGsr5OhXhhXg6f+qtJ8uiZ+PUxkDWcgIXLw==",
      "optional": true
    },
    "mkdirp": {
      "version": "0.5.5",
      "resolved": "https://registry.npmjs.org/mkdirp/-/mkdirp-0.5.5.tgz",
      "integrity": "sha512-NKmAlESf6jMGym1++R0Ra7wvhV+wFW63FaSOFPwRahvea0gMUcGUhVeAg/0BC0wiv9ih5NYPB1Wn1UEI1/L+xQ==",
      "optional": true,
      "requires": {
        "minimist": "^1.2.5"
      }
    },
    "moment": {
      "version": "2.24.0",
      "resolved": "https://registry.npmjs.org/moment/-/moment-2.24.0.tgz",
      "integrity": "sha512-bV7f+6l2QigeBBZSM/6yTNq4P2fNpSWj/0e7jQcy87A8e7o2nAfP/34/2ky5Vw4B9S446EtIhodAzkFCcR4dQg==",
      "optional": true
    },
    "mv": {
      "version": "2.1.1",
      "resolved": "https://registry.npmjs.org/mv/-/mv-2.1.1.tgz",
      "integrity": "sha1-rmzg1vbV4KT32JN5jQPB6pVZtqI=",
      "optional": true,
      "requires": {
        "mkdirp": "~0.5.1",
        "ncp": "~2.0.0",
        "rimraf": "~2.4.0"
      }
    },
    "nan": {
      "version": "2.14.0",
      "resolved": "https://registry.npmjs.org/nan/-/nan-2.14.0.tgz",
      "integrity": "sha512-INOFj37C7k3AfaNTtX8RhsTw7qRy7eLET14cROi9+5HAVbbHuIWUHEauBv5qT4Av2tWasiTY1Jw6puUNqRJXQg==",
      "optional": true
    },
    "ncp": {
      "version": "2.0.0",
      "resolved": "https://registry.npmjs.org/ncp/-/ncp-2.0.0.tgz",
      "integrity": "sha1-GVoh1sRuNh0vsSgbo4uR6d9727M=",
      "optional": true
    },
    "once": {
      "version": "1.4.0",
      "resolved": "https://registry.npmjs.org/once/-/once-1.4.0.tgz",
      "integrity": "sha1-WDsap3WWHUsROsF9nFC6753Xa9E=",
      "optional": true,
      "requires": {
        "wrappy": "1"
      }
    },
    "path-is-absolute": {
      "version": "1.0.1",
      "resolved": "https://registry.npmjs.org/path-is-absolute/-/path-is-absolute-1.0.1.tgz",
      "integrity": "sha1-F0uSaHNVNP+8es5r9TpanhtcX18=",
      "optional": true
    },
    "punycode": {
      "version": "1.3.2",
      "resolved": "https://registry.npmjs.org/punycode/-/punycode-1.3.2.tgz",
      "integrity": "sha1-llOgNvt8HuQjQvIyXM7v6jkmxI0="
    },
    "querystring": {
      "version": "0.2.0",
      "resolved": "https://registry.npmjs.org/querystring/-/querystring-0.2.0.tgz",
      "integrity": "sha1-sgmEkgO7Jd+CDadW50cAWHhSFiA="
    },
    "rimraf": {
      "version": "2.4.5",
      "resolved": "https://registry.npmjs.org/rimraf/-/rimraf-2.4.5.tgz",
      "integrity": "sha1-7nEM5dk6j9uFb7Xqj/Di11k0sto=",
      "optional": true,
      "requires": {
        "glob": "^6.0.1"
      }
    },
    "safe-json-stringify": {
      "version": "1.2.0",
      "resolved": "https://registry.npmjs.org/safe-json-stringify/-/safe-json-stringify-1.2.0.tgz",
      "integrity": "sha512-gH8eh2nZudPQO6TytOvbxnuhYBOvDBBLW52tz5q6X58lJcd/tkmqFR+5Z9adS8aJtURSXWThWy/xJtJwixErvg==",
      "optional": true
    },
    "sax": {
      "version": "1.2.1",
      "resolved": "https://registry.npmjs.org/sax/-/sax-1.2.1.tgz",
      "integrity": "sha1-e45lYZCyKOgaZq6nSEgNgozS03o="
    },
    "typescript": {
      "version": "3.7.3",
      "resolved": "https://registry.npmjs.org/typescript/-/typescript-3.7.3.tgz",
      "integrity": "sha512-Mcr/Qk7hXqFBXMN7p7Lusj1ktCBydylfQM/FZCk5glCNQJrCUKPkMHdo9R0MTFWsC/4kPFvDS0fDPvukfCkFsw==",
      "dev": true
    },
    "url": {
      "version": "0.10.3",
      "resolved": "https://registry.npmjs.org/url/-/url-0.10.3.tgz",
      "integrity": "sha1-Ah5NnHcF8hu/N9A861h2dAJ3TGQ=",
      "requires": {
        "punycode": "1.3.2",
        "querystring": "0.2.0"
      }
    },
    "uuid": {
      "version": "3.3.2",
      "resolved": "https://registry.npmjs.org/uuid/-/uuid-3.3.2.tgz",
      "integrity": "sha512-yXJmeNaw3DnnKAOKJE51sL/ZaYfWJRl1pK9dr19YFCu0ObS231AB1/LbqTKRAQ5kw8A90rA6fr4riOUpTZvQZA=="
    },
    "wrappy": {
      "version": "1.0.2",
      "resolved": "https://registry.npmjs.org/wrappy/-/wrappy-1.0.2.tgz",
      "integrity": "sha1-tSQ9jz7BqjXxNkYFvA0QNuMKtp8=",
      "optional": true
    },
    "xml2js": {
      "version": "0.4.19",
      "resolved": "https://registry.npmjs.org/xml2js/-/xml2js-0.4.19.tgz",
      "integrity": "sha512-esZnJZJOiJR9wWKMyuvSE1y6Dq5LCuJanqhxslH2bxM6duahNZ+HMpCLhBQGZkbX6xRf8x1Y2eJlgt2q3qo49Q==",
      "requires": {
        "sax": ">=0.6.0",
        "xmlbuilder": "~9.0.1"
      }
    },
    "xmlbuilder": {
      "version": "9.0.7",
      "resolved": "https://registry.npmjs.org/xmlbuilder/-/xmlbuilder-9.0.7.tgz",
      "integrity": "sha1-Ey7mPS7FVlxVfiD0wi35rKaGsQ0="
    }
  }
}
