{
  "name": "auto-export-to-s3",
  "version": "1.0.0",
  "lockfileVersion": 1,
  "requires": true,
  "dependencies": {
    "@aws-cdk/assets": {
      "version": "1.19.0",
      "resolved": "https://registry.npmjs.org/@aws-cdk/assets/-/assets-1.19.0.tgz",
      "integrity": "sha512-BPc7e6mUWZfLxR0OEUv6nroaV82baSLOR9qygFE/pU24/ku/eamqdQP1XU3cnQCpF5n5vUIA6alP5TIYvBpsZw==",
      "dev": true,
      "requires": {
        "@aws-cdk/core": "1.19.0",
        "@aws-cdk/cx-api": "1.19.0",
        "minimatch": "^3.0.4"
      },
      "dependencies": {
        "balanced-match": {
          "version": "1.0.0",
          "bundled": true,
          "dev": true
        },
        "brace-expansion": {
          "version": "1.1.11",
          "bundled": true,
          "dev": true,
          "requires": {
            "balanced-match": "^1.0.0",
            "concat-map": "0.0.1"
          }
        },
        "concat-map": {
          "version": "0.0.1",
          "bundled": true,
          "dev": true
        },
        "minimatch": {
          "version": "3.0.4",
          "bundled": true,
          "dev": true,
          "requires": {
            "brace-expansion": "^1.1.7"
          }
        }
      }
    },
    "@aws-cdk/aws-apigateway": {
      "version": "1.19.0",
      "resolved": "https://registry.npmjs.org/@aws-cdk/aws-apigateway/-/aws-apigateway-1.19.0.tgz",
      "integrity": "sha512-pIn3MIMAACFVDS7WBl7b+d14A5bf0wQlgQIJ8FwilH5bUcAyRnBllvBBQG2OSI9ZJulOUvOQVsdrpwHqlaSKKg==",
      "dev": true,
      "requires": {
        "@aws-cdk/aws-certificatemanager": "1.19.0",
        "@aws-cdk/aws-elasticloadbalancingv2": "1.19.0",
        "@aws-cdk/aws-iam": "1.19.0",
        "@aws-cdk/aws-lambda": "1.19.0",
        "@aws-cdk/core": "1.19.0"
      }
    },
    "@aws-cdk/aws-applicationautoscaling": {
      "version": "1.19.0",
      "resolved": "https://registry.npmjs.org/@aws-cdk/aws-applicationautoscaling/-/aws-applicationautoscaling-1.19.0.tgz",
      "integrity": "sha512-Wn+g8V50pOOvCyYPU5FKZU5SuRuC7s8htRs5PZmZMDDI94xRchPPqoCxEitDrVyBxRJh4fEt3VDWU7OqXFztBg==",
      "dev": true,
      "requires": {
        "@aws-cdk/aws-autoscaling-common": "1.19.0",
        "@aws-cdk/aws-cloudwatch": "1.19.0",
        "@aws-cdk/aws-iam": "1.19.0",
        "@aws-cdk/core": "1.19.0"
      }
    },
    "@aws-cdk/aws-autoscaling": {
      "version": "1.19.0",
      "resolved": "https://registry.npmjs.org/@aws-cdk/aws-autoscaling/-/aws-autoscaling-1.19.0.tgz",
      "integrity": "sha512-aUS5JbuNBjV+iPFNK3UGGX1y2YW2TW9e8YY4klhmZyu0IWOSMoSxqbHs0q1QIOPh2PCSI2kLWhkyMbzY6Ts5ag==",
      "dev": true,
      "requires": {
        "@aws-cdk/aws-autoscaling-common": "1.19.0",
        "@aws-cdk/aws-cloudwatch": "1.19.0",
        "@aws-cdk/aws-ec2": "1.19.0",
        "@aws-cdk/aws-elasticloadbalancing": "1.19.0",
        "@aws-cdk/aws-elasticloadbalancingv2": "1.19.0",
        "@aws-cdk/aws-iam": "1.19.0",
        "@aws-cdk/aws-sns": "1.19.0",
        "@aws-cdk/core": "1.19.0"
      }
    },
    "@aws-cdk/aws-autoscaling-common": {
      "version": "1.19.0",
      "resolved": "https://registry.npmjs.org/@aws-cdk/aws-autoscaling-common/-/aws-autoscaling-common-1.19.0.tgz",
      "integrity": "sha512-g2SEtFQoXlvAh5beNasSFyBB7OW/dLHwhmGg1YIHymrpgs42uFAuP0xise9u7Sru5JhUhaYuHa7e1s3nkiHUpw==",
      "dev": true,
      "requires": {
        "@aws-cdk/aws-iam": "1.19.0",
        "@aws-cdk/core": "1.19.0"
      }
    },
    "@aws-cdk/aws-autoscaling-hooktargets": {
      "version": "1.19.0",
      "resolved": "https://registry.npmjs.org/@aws-cdk/aws-autoscaling-hooktargets/-/aws-autoscaling-hooktargets-1.19.0.tgz",
      "integrity": "sha512-oTKjCtoJ1FbbmZozeEFuYY8++z3SC91UcjeuNguIN+3yd2PDTTisqwA19IQvoXXEx57h99Nn+Rrd7H5bscj64Q==",
      "dev": true,
      "requires": {
        "@aws-cdk/aws-autoscaling": "1.19.0",
        "@aws-cdk/aws-iam": "1.19.0",
        "@aws-cdk/aws-lambda": "1.19.0",
        "@aws-cdk/aws-sns": "1.19.0",
        "@aws-cdk/aws-sns-subscriptions": "1.19.0",
        "@aws-cdk/aws-sqs": "1.19.0",
        "@aws-cdk/core": "1.19.0"
      }
    },
    "@aws-cdk/aws-certificatemanager": {
      "version": "1.19.0",
      "resolved": "https://registry.npmjs.org/@aws-cdk/aws-certificatemanager/-/aws-certificatemanager-1.19.0.tgz",
      "integrity": "sha512-sYrFk1x1f5GcmPwPdIQhzxv4tgk4ihVoemvfPFI+DOwMkkclyS68W7zIo/ubcsT6KqfZkgskQDgjn9Ie8nsD+w==",
      "dev": true,
      "requires": {
        "@aws-cdk/aws-cloudformation": "1.19.0",
        "@aws-cdk/aws-iam": "1.19.0",
        "@aws-cdk/aws-lambda": "1.19.0",
        "@aws-cdk/aws-route53": "1.19.0",
        "@aws-cdk/core": "1.19.0"
      }
    },
    "@aws-cdk/aws-cloudformation": {
      "version": "1.19.0",
      "resolved": "https://registry.npmjs.org/@aws-cdk/aws-cloudformation/-/aws-cloudformation-1.19.0.tgz",
      "integrity": "sha512-pgOa7Mv1ESe4JA7OQNlwaw/gXzBshIxIPHMrHxauKHimPpyIAFHZWNw2R3sLad7ZQDClA9KZ6o1GIARjYMxyzw==",
      "dev": true,
      "requires": {
        "@aws-cdk/aws-iam": "1.19.0",
        "@aws-cdk/aws-lambda": "1.19.0",
        "@aws-cdk/aws-s3": "1.19.0",
        "@aws-cdk/aws-sns": "1.19.0",
        "@aws-cdk/core": "1.19.0",
        "@aws-cdk/cx-api": "1.19.0"
      }
    },
    "@aws-cdk/aws-cloudfront": {
      "version": "1.19.0",
      "resolved": "https://registry.npmjs.org/@aws-cdk/aws-cloudfront/-/aws-cloudfront-1.19.0.tgz",
      "integrity": "sha512-EUBOYd6HvR71oOdKZYezNolYkKnJeKe5jVPffbkRHQHE2Hgkt78/1uxDQny3a3pCo9OrnB/Bz1kGmf9Ag8zrfg==",
      "dev": true,
      "requires": {
        "@aws-cdk/aws-certificatemanager": "1.19.0",
        "@aws-cdk/aws-iam": "1.19.0",
        "@aws-cdk/aws-kms": "1.19.0",
        "@aws-cdk/aws-lambda": "1.19.0",
        "@aws-cdk/aws-s3": "1.19.0",
        "@aws-cdk/core": "1.19.0"
      }
    },
    "@aws-cdk/aws-cloudwatch": {
      "version": "1.19.0",
      "resolved": "https://registry.npmjs.org/@aws-cdk/aws-cloudwatch/-/aws-cloudwatch-1.19.0.tgz",
      "integrity": "sha512-xrMeSxbkAXAMNMMx2hMfgXiyI6E2zmxaUv2KD2cA9AloS1ms53y4OlPmQRbkjla2nbMnSDPqFLvLv/VVJXCSOQ==",
      "dev": true,
      "requires": {
        "@aws-cdk/aws-iam": "1.19.0",
        "@aws-cdk/core": "1.19.0"
      }
    },
    "@aws-cdk/aws-codebuild": {
      "version": "1.19.0",
      "resolved": "https://registry.npmjs.org/@aws-cdk/aws-codebuild/-/aws-codebuild-1.19.0.tgz",
      "integrity": "sha512-T3Gi2qjsM6AGEIWVI276ezvF+eXU5F4S8xfJ6ZEmSIlXXhs1ll8mFZwvQlqXinw570Gptzy8U+wndWHmPnbpHQ==",
      "dev": true,
      "requires": {
        "@aws-cdk/assets": "1.19.0",
        "@aws-cdk/aws-cloudwatch": "1.19.0",
        "@aws-cdk/aws-codecommit": "1.19.0",
        "@aws-cdk/aws-ec2": "1.19.0",
        "@aws-cdk/aws-ecr": "1.19.0",
        "@aws-cdk/aws-ecr-assets": "1.19.0",
        "@aws-cdk/aws-events": "1.19.0",
        "@aws-cdk/aws-iam": "1.19.0",
        "@aws-cdk/aws-kms": "1.19.0",
        "@aws-cdk/aws-s3": "1.19.0",
        "@aws-cdk/aws-s3-assets": "1.19.0",
        "@aws-cdk/aws-secretsmanager": "1.19.0",
        "@aws-cdk/core": "1.19.0"
      }
    },
    "@aws-cdk/aws-codecommit": {
      "version": "1.19.0",
      "resolved": "https://registry.npmjs.org/@aws-cdk/aws-codecommit/-/aws-codecommit-1.19.0.tgz",
      "integrity": "sha512-mzUjLVTBuRtq8bJtEHuNmBBw3fDi+sTD6E6zMQUWiib1rhOTLZbvxg/r/j85FYg92o0B+2hlZFrFm4zPUNmSZg==",
      "dev": true,
      "requires": {
        "@aws-cdk/aws-events": "1.19.0",
        "@aws-cdk/aws-iam": "1.19.0",
        "@aws-cdk/core": "1.19.0"
      }
    },
    "@aws-cdk/aws-codepipeline": {
      "version": "1.19.0",
      "resolved": "https://registry.npmjs.org/@aws-cdk/aws-codepipeline/-/aws-codepipeline-1.19.0.tgz",
      "integrity": "sha512-P0oaPERb46nHhXgvtarWeWc1fevhTJ5tH0Ih82dM/ycvYtCvfj/c2simMR1Qw4oY/FN3A58ihbas3gXsKddSUg==",
      "dev": true,
      "requires": {
        "@aws-cdk/aws-events": "1.19.0",
        "@aws-cdk/aws-iam": "1.19.0",
        "@aws-cdk/aws-kms": "1.19.0",
        "@aws-cdk/aws-s3": "1.19.0",
        "@aws-cdk/core": "1.19.0"
      }
    },
    "@aws-cdk/aws-ec2": {
      "version": "1.19.0",
      "resolved": "https://registry.npmjs.org/@aws-cdk/aws-ec2/-/aws-ec2-1.19.0.tgz",
      "integrity": "sha512-r5nyxZdi4KGGvd3HavRXHhhgAqQIak+Go2YoxVDNJoT/OegStv4gPoqRtoxlYuZU3LooDL1CzVBvVlghKpF0Vg==",
      "dev": true,
      "requires": {
        "@aws-cdk/aws-cloudwatch": "1.19.0",
        "@aws-cdk/aws-iam": "1.19.0",
        "@aws-cdk/aws-ssm": "1.19.0",
        "@aws-cdk/core": "1.19.0",
        "@aws-cdk/cx-api": "1.19.0"
      }
    },
    "@aws-cdk/aws-ecr": {
      "version": "1.19.0",
      "resolved": "https://registry.npmjs.org/@aws-cdk/aws-ecr/-/aws-ecr-1.19.0.tgz",
      "integrity": "sha512-DWmMQdb/VqsQnlFlgGvk+28j3Va4zCtIXGriTJ2h7366uoJbD/V9YCv2u7g5rhF9ujxQXxzEBlAmevCzni2XSg==",
      "dev": true,
      "requires": {
        "@aws-cdk/aws-events": "1.19.0",
        "@aws-cdk/aws-iam": "1.19.0",
        "@aws-cdk/core": "1.19.0"
      }
    },
    "@aws-cdk/aws-ecr-assets": {
      "version": "1.19.0",
      "resolved": "https://registry.npmjs.org/@aws-cdk/aws-ecr-assets/-/aws-ecr-assets-1.19.0.tgz",
      "integrity": "sha512-0jbk8f7Bi/llR1/tyrinWW2KH8/zoICBA07wx2B1tBPY+1GoOsRvxvAP5ta6yKYT9wDZvsrqRnXsznz8A3sL1g==",
      "dev": true,
      "requires": {
        "@aws-cdk/assets": "1.19.0",
        "@aws-cdk/aws-cloudformation": "1.19.0",
        "@aws-cdk/aws-ecr": "1.19.0",
        "@aws-cdk/aws-iam": "1.19.0",
        "@aws-cdk/aws-lambda": "1.19.0",
        "@aws-cdk/aws-s3": "1.19.0",
        "@aws-cdk/core": "1.19.0",
        "@aws-cdk/cx-api": "1.19.0"
      }
    },
    "@aws-cdk/aws-ecs": {
      "version": "1.19.0",
      "resolved": "https://registry.npmjs.org/@aws-cdk/aws-ecs/-/aws-ecs-1.19.0.tgz",
      "integrity": "sha512-XKPgBOhqAygVS1n9WHKo4Hh6C1MAvJEv+3aVIUI+LKsqZQNajgvlNsK29QpXHB/u2ZR0YhJFbcwKzANtI4eGyA==",
      "dev": true,
      "requires": {
        "@aws-cdk/aws-applicationautoscaling": "1.19.0",
        "@aws-cdk/aws-autoscaling": "1.19.0",
        "@aws-cdk/aws-autoscaling-hooktargets": "1.19.0",
        "@aws-cdk/aws-certificatemanager": "1.19.0",
        "@aws-cdk/aws-cloudformation": "1.19.0",
        "@aws-cdk/aws-cloudwatch": "1.19.0",
        "@aws-cdk/aws-ec2": "1.19.0",
        "@aws-cdk/aws-ecr": "1.19.0",
        "@aws-cdk/aws-ecr-assets": "1.19.0",
        "@aws-cdk/aws-elasticloadbalancing": "1.19.0",
        "@aws-cdk/aws-elasticloadbalancingv2": "1.19.0",
        "@aws-cdk/aws-iam": "1.19.0",
        "@aws-cdk/aws-lambda": "1.19.0",
        "@aws-cdk/aws-logs": "1.19.0",
        "@aws-cdk/aws-route53": "1.19.0",
        "@aws-cdk/aws-route53-targets": "1.19.0",
        "@aws-cdk/aws-secretsmanager": "1.19.0",
        "@aws-cdk/aws-servicediscovery": "1.19.0",
        "@aws-cdk/aws-sns": "1.19.0",
        "@aws-cdk/aws-sqs": "1.19.0",
        "@aws-cdk/aws-ssm": "1.19.0",
        "@aws-cdk/core": "1.19.0",
        "@aws-cdk/cx-api": "1.19.0"
      }
    },
    "@aws-cdk/aws-elasticloadbalancing": {
      "version": "1.19.0",
      "resolved": "https://registry.npmjs.org/@aws-cdk/aws-elasticloadbalancing/-/aws-elasticloadbalancing-1.19.0.tgz",
      "integrity": "sha512-8QCUfY/xj6+wBMCJn6Aw/+xK+b20bRB5pXTwQTPufSn2dZXGZm+z+YngqG4uB2FNziqnqrCKhLna0g+bm5MfTA==",
      "dev": true,
      "requires": {
        "@aws-cdk/aws-ec2": "1.19.0",
        "@aws-cdk/core": "1.19.0"
      }
    },
    "@aws-cdk/aws-elasticloadbalancingv2": {
      "version": "1.19.0",
      "resolved": "https://registry.npmjs.org/@aws-cdk/aws-elasticloadbalancingv2/-/aws-elasticloadbalancingv2-1.19.0.tgz",
      "integrity": "sha512-1BxuwVzGG8mUoxqiug2ocWcK3ajeOC2zb5GONehgi+axjUmlCpuvx3ieSYrkS1sBft7qOMvsqT6tJBgfhA9IdQ==",
      "dev": true,
      "requires": {
        "@aws-cdk/aws-certificatemanager": "1.19.0",
        "@aws-cdk/aws-cloudwatch": "1.19.0",
        "@aws-cdk/aws-ec2": "1.19.0",
        "@aws-cdk/aws-iam": "1.19.0",
        "@aws-cdk/aws-lambda": "1.19.0",
        "@aws-cdk/aws-s3": "1.19.0",
        "@aws-cdk/core": "1.19.0"
      }
    },
    "@aws-cdk/aws-events": {
      "version": "1.19.0",
      "resolved": "https://registry.npmjs.org/@aws-cdk/aws-events/-/aws-events-1.19.0.tgz",
      "integrity": "sha512-wLH2+KuZm8U8+ZN3XF98Radlr1LWL9lgoHueRp2qnPqf9pSQjqGcUsnuD5Uz9EmgMqXEe96gCKa3PX8GEOIuPQ==",
      "dev": true,
      "requires": {
        "@aws-cdk/aws-iam": "1.19.0",
        "@aws-cdk/core": "1.19.0"
      }
    },
    "@aws-cdk/aws-events-targets": {
      "version": "1.19.0",
      "resolved": "https://registry.npmjs.org/@aws-cdk/aws-events-targets/-/aws-events-targets-1.19.0.tgz",
      "integrity": "sha512-t/9E3V75fxCdoQZ31/PGnX2u5xsh39/7T55yxi40gsG4xmrPZDbUdrTckxWg85SUFjuC1AuVhRZgW9/Ldhaz4g==",
      "dev": true,
      "requires": {
        "@aws-cdk/aws-cloudformation": "1.19.0",
        "@aws-cdk/aws-codebuild": "1.19.0",
        "@aws-cdk/aws-codepipeline": "1.19.0",
        "@aws-cdk/aws-ec2": "1.19.0",
        "@aws-cdk/aws-ecs": "1.19.0",
        "@aws-cdk/aws-events": "1.19.0",
        "@aws-cdk/aws-iam": "1.19.0",
        "@aws-cdk/aws-lambda": "1.19.0",
        "@aws-cdk/aws-sns": "1.19.0",
        "@aws-cdk/aws-sns-subscriptions": "1.19.0",
        "@aws-cdk/aws-sqs": "1.19.0",
        "@aws-cdk/aws-stepfunctions": "1.19.0",
        "@aws-cdk/core": "1.19.0"
      }
    },
    "@aws-cdk/aws-iam": {
      "version": "1.19.0",
      "resolved": "https://registry.npmjs.org/@aws-cdk/aws-iam/-/aws-iam-1.19.0.tgz",
      "integrity": "sha512-ZHuS69Qa54oSO3mmsMILtmbzj+V4eeR7MrLUmECY5V78gEmoXy2f3Nf9YY99ZsiY38zjmmTjr21A4NnZyocJog==",
      "dev": true,
      "requires": {
        "@aws-cdk/core": "1.19.0",
        "@aws-cdk/region-info": "1.19.0"
      }
    },
    "@aws-cdk/aws-kms": {
      "version": "1.19.0",
      "resolved": "https://registry.npmjs.org/@aws-cdk/aws-kms/-/aws-kms-1.19.0.tgz",
      "integrity": "sha512-Ii2W04u8xoc9nUIkzFdCq1khS8ct5EI2mrkWwWoWotMdfwYiHXFQQSGFBPsFU4R07WXty/mSWvj8gFQZcIWRaw==",
      "dev": true,
      "requires": {
        "@aws-cdk/aws-iam": "1.19.0",
        "@aws-cdk/core": "1.19.0"
      }
    },
    "@aws-cdk/aws-lambda": {
      "version": "1.19.0",
      "resolved": "https://registry.npmjs.org/@aws-cdk/aws-lambda/-/aws-lambda-1.19.0.tgz",
      "integrity": "sha512-rtVF5s9csBhW+1q+gzHHj9qZ6jFwFhjBfin08fSoCZSeX5oZ7aSIdmscIcI49n9fsF3QaIGmpBM1xzMPznSHLA==",
      "dev": true,
      "requires": {
        "@aws-cdk/aws-cloudwatch": "1.19.0",
        "@aws-cdk/aws-ec2": "1.19.0",
        "@aws-cdk/aws-events": "1.19.0",
        "@aws-cdk/aws-iam": "1.19.0",
        "@aws-cdk/aws-logs": "1.19.0",
        "@aws-cdk/aws-s3": "1.19.0",
        "@aws-cdk/aws-s3-assets": "1.19.0",
        "@aws-cdk/aws-sqs": "1.19.0",
        "@aws-cdk/core": "1.19.0",
        "@aws-cdk/cx-api": "1.19.0"
      }
    },
    "@aws-cdk/aws-logs": {
      "version": "1.19.0",
      "resolved": "https://registry.npmjs.org/@aws-cdk/aws-logs/-/aws-logs-1.19.0.tgz",
      "integrity": "sha512-JK5GzwhA9wHeDK//1F08l9RiC7yKduid4PwH2gT5CXBDFDn47MeGLR5H/5Tbv/bAPSg8AOA88tx7TXs2mJUuew==",
      "dev": true,
      "requires": {
        "@aws-cdk/aws-cloudwatch": "1.19.0",
        "@aws-cdk/aws-iam": "1.19.0",
        "@aws-cdk/core": "1.19.0"
      }
    },
    "@aws-cdk/aws-route53": {
      "version": "1.19.0",
      "resolved": "https://registry.npmjs.org/@aws-cdk/aws-route53/-/aws-route53-1.19.0.tgz",
      "integrity": "sha512-l6HvqIA4L5Ighxjpr4U30LRHuMjq6gQhQqe2iWgf3Zxl1YNEL6i+fPVOR+EtwBKjyWZdOOEWrZXtqw7xD/3DJg==",
      "dev": true,
      "requires": {
        "@aws-cdk/aws-ec2": "1.19.0",
        "@aws-cdk/aws-logs": "1.19.0",
        "@aws-cdk/core": "1.19.0",
        "@aws-cdk/cx-api": "1.19.0"
      }
    },
    "@aws-cdk/aws-route53-targets": {
      "version": "1.19.0",
      "resolved": "https://registry.npmjs.org/@aws-cdk/aws-route53-targets/-/aws-route53-targets-1.19.0.tgz",
      "integrity": "sha512-9upAyauNiMY1u4e031DhZSMP3uVWtO9Zu6WqNO9ySMFYqc+vwCbQmWCl6BzJZQaiHc2VDhWvBjz4Y4b2+89QcA==",
      "dev": true,
      "requires": {
        "@aws-cdk/aws-apigateway": "1.19.0",
        "@aws-cdk/aws-cloudfront": "1.19.0",
        "@aws-cdk/aws-elasticloadbalancing": "1.19.0",
        "@aws-cdk/aws-elasticloadbalancingv2": "1.19.0",
        "@aws-cdk/aws-iam": "1.19.0",
        "@aws-cdk/aws-route53": "1.19.0",
        "@aws-cdk/aws-s3": "1.19.0",
        "@aws-cdk/core": "1.19.0",
        "@aws-cdk/region-info": "1.19.0"
      }
    },
    "@aws-cdk/aws-s3": {
      "version": "1.19.0",
      "resolved": "https://registry.npmjs.org/@aws-cdk/aws-s3/-/aws-s3-1.19.0.tgz",
      "integrity": "sha512-cubVDC/P62k1n1lObY8PqOPTDauCB1F+wCMk0yYDvqSEq1nWxTg06o2GaMR+ALxCh0fLA9hcEdxzDgyR9mvCtw==",
      "dev": true,
      "requires": {
        "@aws-cdk/aws-events": "1.19.0",
        "@aws-cdk/aws-iam": "1.19.0",
        "@aws-cdk/aws-kms": "1.19.0",
        "@aws-cdk/core": "1.19.0"
      }
    },
    "@aws-cdk/aws-s3-assets": {
      "version": "1.19.0",
      "resolved": "https://registry.npmjs.org/@aws-cdk/aws-s3-assets/-/aws-s3-assets-1.19.0.tgz",
      "integrity": "sha512-7KjUrseT/7/0BU+y98isxgefIvNSGlk0E8s9umYuFVhGdbpfagbuusB0WfZjIukg5kOEy9No31TilTMakZQKXQ==",
      "dev": true,
      "requires": {
        "@aws-cdk/assets": "1.19.0",
        "@aws-cdk/aws-iam": "1.19.0",
        "@aws-cdk/aws-s3": "1.19.0",
        "@aws-cdk/core": "1.19.0",
        "@aws-cdk/cx-api": "1.19.0"
      }
    },
    "@aws-cdk/aws-secretsmanager": {
      "version": "1.19.0",
      "resolved": "https://registry.npmjs.org/@aws-cdk/aws-secretsmanager/-/aws-secretsmanager-1.19.0.tgz",
      "integrity": "sha512-hq6M2+mQ7DEOwDb3drwPDeinB05DOlN2qE2/D59QCEEi5aVqVF+TtusiSLIzBkxD4PIMV4qVYLk31LaaJ8CREw==",
      "dev": true,
      "requires": {
        "@aws-cdk/aws-ec2": "1.19.0",
        "@aws-cdk/aws-iam": "1.19.0",
        "@aws-cdk/aws-kms": "1.19.0",
        "@aws-cdk/aws-lambda": "1.19.0",
        "@aws-cdk/core": "1.19.0"
      }
    },
    "@aws-cdk/aws-servicediscovery": {
      "version": "1.19.0",
      "resolved": "https://registry.npmjs.org/@aws-cdk/aws-servicediscovery/-/aws-servicediscovery-1.19.0.tgz",
      "integrity": "sha512-0/bLNExMZW8FqoMhv4RXISsuB2QrtgFUVpHq3q5eMfxbKrYBLSiXsachA9jmr6vymXOGmTTwcPn8HLJJGeLyqA==",
      "dev": true,
      "requires": {
        "@aws-cdk/aws-ec2": "1.19.0",
        "@aws-cdk/aws-elasticloadbalancingv2": "1.19.0",
        "@aws-cdk/aws-route53": "1.19.0",
        "@aws-cdk/core": "1.19.0"
      }
    },
    "@aws-cdk/aws-sns": {
      "version": "1.19.0",
      "resolved": "https://registry.npmjs.org/@aws-cdk/aws-sns/-/aws-sns-1.19.0.tgz",
      "integrity": "sha512-41d+4RmvBnAT1js4uKnEWzIxtY1ieo7yklpJJJ9v7CMKj9Xm2v0TCPzuW4EORWuemOYWTzBiuvsBeCrFFurM/A==",
      "dev": true,
      "requires": {
        "@aws-cdk/aws-cloudwatch": "1.19.0",
        "@aws-cdk/aws-events": "1.19.0",
        "@aws-cdk/aws-iam": "1.19.0",
        "@aws-cdk/aws-kms": "1.19.0",
        "@aws-cdk/core": "1.19.0"
      }
    },
    "@aws-cdk/aws-sns-subscriptions": {
      "version": "1.19.0",
      "resolved": "https://registry.npmjs.org/@aws-cdk/aws-sns-subscriptions/-/aws-sns-subscriptions-1.19.0.tgz",
      "integrity": "sha512-Ffg/6bbtfiYfH753dCJi2iVj61flYX9gbEPA/DMNUXO0FdmR8bN5SCYoM8yvodAtxW9gKrwa4Ie9C8pOxqoMag==",
      "dev": true,
      "requires": {
        "@aws-cdk/aws-iam": "1.19.0",
        "@aws-cdk/aws-lambda": "1.19.0",
        "@aws-cdk/aws-sns": "1.19.0",
        "@aws-cdk/aws-sqs": "1.19.0",
        "@aws-cdk/core": "1.19.0"
      }
    },
    "@aws-cdk/aws-sqs": {
      "version": "1.19.0",
      "resolved": "https://registry.npmjs.org/@aws-cdk/aws-sqs/-/aws-sqs-1.19.0.tgz",
      "integrity": "sha512-2284OR3965QTdEtGcc9S08OTXq4KEoeXmVQjnVafuqrAWRCEWG1DnRMvc8iz9c+TpynY0gXk07QK21GHO/GV3A==",
      "dev": true,
      "requires": {
        "@aws-cdk/aws-cloudwatch": "1.19.0",
        "@aws-cdk/aws-iam": "1.19.0",
        "@aws-cdk/aws-kms": "1.19.0",
        "@aws-cdk/core": "1.19.0"
      }
    },
    "@aws-cdk/aws-ssm": {
      "version": "1.19.0",
      "resolved": "https://registry.npmjs.org/@aws-cdk/aws-ssm/-/aws-ssm-1.19.0.tgz",
      "integrity": "sha512-vn4poYy30N1PBY+DrO0mbBX3NqR6hiDSaFMmWeqddsbhNURN0Vr6WW/M60OJBNIoeq/1zjh3L9kl7/+wrNO8jA==",
      "dev": true,
      "requires": {
        "@aws-cdk/aws-iam": "1.19.0",
        "@aws-cdk/aws-kms": "1.19.0",
        "@aws-cdk/core": "1.19.0",
        "@aws-cdk/cx-api": "1.19.0"
      }
    },
    "@aws-cdk/aws-stepfunctions": {
      "version": "1.19.0",
      "resolved": "https://registry.npmjs.org/@aws-cdk/aws-stepfunctions/-/aws-stepfunctions-1.19.0.tgz",
      "integrity": "sha512-12d2SSkARq9Q9iLxFkejAAV3JuvWx1J0ZgARmKC5/d1FtDDrVOl+kVBOhEfhcVcMULQlQiaw+H1LgSk4sNICuw==",
      "dev": true,
      "requires": {
        "@aws-cdk/aws-cloudwatch": "1.19.0",
        "@aws-cdk/aws-events": "1.19.0",
        "@aws-cdk/aws-iam": "1.19.0",
        "@aws-cdk/core": "1.19.0"
      }
    },
    "@aws-cdk/core": {
      "version": "1.19.0",
      "resolved": "https://registry.npmjs.org/@aws-cdk/core/-/core-1.19.0.tgz",
      "integrity": "sha512-WFEsUuZaF39c7qiITXTYkQ9cmIMdlkLYdFVTcIBnGf9EwDY32YXqeBQn1rDF7EkilwV40WzHx5MUJ8qvBoKRtA==",
      "dev": true,
      "requires": {
        "@aws-cdk/cx-api": "1.19.0"
      }
    },
    "@aws-cdk/cx-api": {
      "version": "1.19.0",
      "resolved": "https://registry.npmjs.org/@aws-cdk/cx-api/-/cx-api-1.19.0.tgz",
      "integrity": "sha512-+Ypset+keoQDK1qMmJrDVG97VUALDAMQBIJ7X1KvbUMHVzyT0kl268CCnLS066AmdkwAGevFpAQkGzpBQwobMA==",
      "dev": true,
      "requires": {
        "semver": "^6.3.0"
      },
      "dependencies": {
        "semver": {
          "version": "6.3.0",
          "bundled": true,
          "dev": true
        }
      }
    },
    "@aws-cdk/region-info": {
      "version": "1.19.0",
      "resolved": "https://registry.npmjs.org/@aws-cdk/region-info/-/region-info-1.19.0.tgz",
      "integrity": "sha512-Eehx3L88tCQgQ/NX2ysJSflT0+lM92GkJosji13TboIrAalPlbi1xdLebUf9U7GTybtbAGJNNLqZVBDnU1/g6w==",
      "dev": true
    },
    "@types/aws-lambda": {
      "version": "8.10.39",
      "resolved": "https://registry.npmjs.org/@types/aws-lambda/-/aws-lambda-8.10.39.tgz",
      "integrity": "sha512-6qxQ4wS636AapVvDbzltI/Xn69QWxjcvohvxd/+MTWzdE9Vqz1xgERr38jEbBGEkyyG8y819nAhjGsiY6KNh1A==",
      "dev": true
    },
    "@types/bunyan": {
      "version": "1.8.6",
      "resolved": "https://registry.npmjs.org/@types/bunyan/-/bunyan-1.8.6.tgz",
      "integrity": "sha512-YiozPOOsS6bIuz31ilYqR5SlLif4TBWsousN2aCWLi5233nZSX19tFbcQUPdR7xJ8ypPyxkCGNxg0CIV5n9qxQ==",
      "dev": true,
      "requires": {
        "@types/node": "*"
      }
    },
    "@types/node": {
      "version": "12.12.21",
      "resolved": "https://registry.npmjs.org/@types/node/-/node-12.12.21.tgz",
      "integrity": "sha512-8sRGhbpU+ck1n0PGAUgVrWrWdjSW2aqNeyC15W88GRsMpSwzv6RJGlLhE7s2RhVSOdyDmxbqlWSeThq4/7xqlA==",
      "dev": true
    },
    "aws-sdk": {
      "version": "2.592.0",
      "resolved": "https://registry.npmjs.org/aws-sdk/-/aws-sdk-2.592.0.tgz",
      "integrity": "sha512-4L0SuERTJnz4JMf70q4VvYG5trR72k+ynJeMZuvE79apUBSs+tAUZTrFwSeDgbJnYycQdwQf6Ocm5wHwIzNHRg==",
      "requires": {
        "buffer": "4.9.1",
        "events": "1.1.1",
        "ieee754": "1.1.13",
        "jmespath": "0.15.0",
        "querystring": "0.2.0",
        "sax": "1.2.1",
        "url": "0.10.3",
        "uuid": "3.3.2",
        "xml2js": "0.4.19"
      }
    },
    "balanced-match": {
      "version": "1.0.0",
      "resolved": "https://registry.npmjs.org/balanced-match/-/balanced-match-1.0.0.tgz",
      "integrity": "sha1-ibTRmasr7kneFk6gK4nORi1xt2c=",
      "optional": true
    },
    "base64-js": {
      "version": "1.3.1",
      "resolved": "https://registry.npmjs.org/base64-js/-/base64-js-1.3.1.tgz",
      "integrity": "sha512-mLQ4i2QO1ytvGWFWmcngKO//JXAQueZvwEKtjgQFM4jIK0kU+ytMfplL8j+n5mspOfjHwoAg+9yhb7BwAHm36g=="
    },
    "brace-expansion": {
      "version": "1.1.11",
      "resolved": "https://registry.npmjs.org/brace-expansion/-/brace-expansion-1.1.11.tgz",
      "integrity": "sha512-iCuPHDFgrHX7H2vEI/5xpz07zSHB00TpugqhmYtVmMO6518mCuRMoOYFldEBl0g187ufozdaHgWKcYFb61qGiA==",
      "optional": true,
      "requires": {
        "balanced-match": "^1.0.0",
        "concat-map": "0.0.1"
      }
    },
    "buffer": {
      "version": "4.9.1",
      "resolved": "https://registry.npmjs.org/buffer/-/buffer-4.9.1.tgz",
      "integrity": "sha1-bRu2AbB6TvztlwlBMgkwJ8lbwpg=",
      "requires": {
        "base64-js": "^1.0.2",
        "ieee754": "^1.1.4",
        "isarray": "^1.0.0"
      }
    },
    "bunyan": {
      "version": "1.8.12",
      "resolved": "https://registry.npmjs.org/bunyan/-/bunyan-1.8.12.tgz",
      "integrity": "sha1-8VDw9nSKvdcq6uhPBEA74u8RN5c=",
      "requires": {
        "dtrace-provider": "~0.8",
        "moment": "^2.10.6",
        "mv": "~2",
        "safe-json-stringify": "~1"
      }
    },
    "concat-map": {
      "version": "0.0.1",
      "resolved": "https://registry.npmjs.org/concat-map/-/concat-map-0.0.1.tgz",
      "integrity": "sha1-2Klr13/Wjfd5OnMDajug1UBdR3s=",
      "optional": true
    },
    "dtrace-provider": {
      "version": "0.8.8",
      "resolved": "https://registry.npmjs.org/dtrace-provider/-/dtrace-provider-0.8.8.tgz",
      "integrity": "sha512-b7Z7cNtHPhH9EJhNNbbeqTcXB8LGFFZhq1PGgEvpeHlzd36bhbdTWoE/Ba/YguqpBSlAPKnARWhVlhunCMwfxg==",
      "optional": true,
      "requires": {
        "nan": "^2.14.0"
      }
    },
    "events": {
      "version": "1.1.1",
      "resolved": "https://registry.npmjs.org/events/-/events-1.1.1.tgz",
      "integrity": "sha1-nr23Y1rQmccNzEwqH1AEKI6L2SQ="
    },
    "glob": {
      "version": "6.0.4",
      "resolved": "https://registry.npmjs.org/glob/-/glob-6.0.4.tgz",
      "integrity": "sha1-DwiGD2oVUSey+t1PnOJLGqtuTSI=",
      "optional": true,
      "requires": {
        "inflight": "^1.0.4",
        "inherits": "2",
        "minimatch": "2 || 3",
        "once": "^1.3.0",
        "path-is-absolute": "^1.0.0"
      }
    },
    "ieee754": {
      "version": "1.1.13",
      "resolved": "https://registry.npmjs.org/ieee754/-/ieee754-1.1.13.tgz",
      "integrity": "sha512-4vf7I2LYV/HaWerSo3XmlMkp5eZ83i+/CDluXi/IGTs/O1sejBNhTtnxzmRZfvOUqj7lZjqHkeTvpgSFDlWZTg=="
    },
    "inflight": {
      "version": "1.0.6",
      "resolved": "https://registry.npmjs.org/inflight/-/inflight-1.0.6.tgz",
      "integrity": "sha1-Sb1jMdfQLQwJvJEKEHW6gWW1bfk=",
      "optional": true,
      "requires": {
        "once": "^1.3.0",
        "wrappy": "1"
      }
    },
    "inherits": {
      "version": "2.0.4",
      "resolved": "https://registry.npmjs.org/inherits/-/inherits-2.0.4.tgz",
      "integrity": "sha512-k/vGaX4/Yla3WzyMCvTQOXYeIHvqOKtnqBduzTHpzpQZzAskKMhZ2K+EnBiSM9zGSoIFeMpXKxa4dYeZIQqewQ==",
      "optional": true
    },
    "isarray": {
      "version": "1.0.0",
      "resolved": "https://registry.npmjs.org/isarray/-/isarray-1.0.0.tgz",
      "integrity": "sha1-u5NdSFgsuhaMBoNJV6VKPgcSTxE="
    },
    "jmespath": {
      "version": "0.15.0",
      "resolved": "https://registry.npmjs.org/jmespath/-/jmespath-0.15.0.tgz",
      "integrity": "sha1-o/Iiqarp+Wb10nx5ZRDigJF2Qhc="
    },
    "minimatch": {
      "version": "3.0.4",
      "resolved": "https://registry.npmjs.org/minimatch/-/minimatch-3.0.4.tgz",
      "integrity": "sha512-yJHVQEhyqPLUTgt9B83PXu6W3rx4MvvHvSUvToogpwoGDOUQ+yDrR0HRot+yOCdCO7u4hX3pWft6kWBBcqh0UA==",
      "optional": true,
      "requires": {
        "brace-expansion": "^1.1.7"
      }
    },
    "minimist": {
      "version": "0.0.8",
      "resolved": "https://registry.npmjs.org/minimist/-/minimist-0.0.8.tgz",
      "integrity": "sha1-hX/Kv8M5fSYluCKCYuhqp6ARsF0=",
      "optional": true
    },
    "mkdirp": {
      "version": "0.5.1",
      "resolved": "https://registry.npmjs.org/mkdirp/-/mkdirp-0.5.1.tgz",
      "integrity": "sha1-MAV0OOrGz3+MR2fzhkjWaX11yQM=",
      "optional": true,
      "requires": {
        "minimist": "0.0.8"
      }
    },
    "moment": {
      "version": "2.24.0",
      "resolved": "https://registry.npmjs.org/moment/-/moment-2.24.0.tgz",
      "integrity": "sha512-bV7f+6l2QigeBBZSM/6yTNq4P2fNpSWj/0e7jQcy87A8e7o2nAfP/34/2ky5Vw4B9S446EtIhodAzkFCcR4dQg==",
      "optional": true
    },
    "mv": {
      "version": "2.1.1",
      "resolved": "https://registry.npmjs.org/mv/-/mv-2.1.1.tgz",
      "integrity": "sha1-rmzg1vbV4KT32JN5jQPB6pVZtqI=",
      "optional": true,
      "requires": {
        "mkdirp": "~0.5.1",
        "ncp": "~2.0.0",
        "rimraf": "~2.4.0"
      }
    },
    "nan": {
      "version": "2.14.0",
      "resolved": "https://registry.npmjs.org/nan/-/nan-2.14.0.tgz",
      "integrity": "sha512-INOFj37C7k3AfaNTtX8RhsTw7qRy7eLET14cROi9+5HAVbbHuIWUHEauBv5qT4Av2tWasiTY1Jw6puUNqRJXQg==",
      "optional": true
    },
    "ncp": {
      "version": "2.0.0",
      "resolved": "https://registry.npmjs.org/ncp/-/ncp-2.0.0.tgz",
      "integrity": "sha1-GVoh1sRuNh0vsSgbo4uR6d9727M=",
      "optional": true
    },
    "once": {
      "version": "1.4.0",
      "resolved": "https://registry.npmjs.org/once/-/once-1.4.0.tgz",
      "integrity": "sha1-WDsap3WWHUsROsF9nFC6753Xa9E=",
      "optional": true,
      "requires": {
        "wrappy": "1"
      }
    },
    "path-is-absolute": {
      "version": "1.0.1",
      "resolved": "https://registry.npmjs.org/path-is-absolute/-/path-is-absolute-1.0.1.tgz",
      "integrity": "sha1-F0uSaHNVNP+8es5r9TpanhtcX18=",
      "optional": true
    },
    "punycode": {
      "version": "1.3.2",
      "resolved": "https://registry.npmjs.org/punycode/-/punycode-1.3.2.tgz",
      "integrity": "sha1-llOgNvt8HuQjQvIyXM7v6jkmxI0="
    },
    "querystring": {
      "version": "0.2.0",
      "resolved": "https://registry.npmjs.org/querystring/-/querystring-0.2.0.tgz",
      "integrity": "sha1-sgmEkgO7Jd+CDadW50cAWHhSFiA="
    },
    "rimraf": {
      "version": "2.4.5",
      "resolved": "https://registry.npmjs.org/rimraf/-/rimraf-2.4.5.tgz",
      "integrity": "sha1-7nEM5dk6j9uFb7Xqj/Di11k0sto=",
      "optional": true,
      "requires": {
        "glob": "^6.0.1"
      }
    },
    "safe-json-stringify": {
      "version": "1.2.0",
      "resolved": "https://registry.npmjs.org/safe-json-stringify/-/safe-json-stringify-1.2.0.tgz",
      "integrity": "sha512-gH8eh2nZudPQO6TytOvbxnuhYBOvDBBLW52tz5q6X58lJcd/tkmqFR+5Z9adS8aJtURSXWThWy/xJtJwixErvg==",
      "optional": true
    },
    "sax": {
      "version": "1.2.1",
      "resolved": "https://registry.npmjs.org/sax/-/sax-1.2.1.tgz",
      "integrity": "sha1-e45lYZCyKOgaZq6nSEgNgozS03o="
    },
    "typescript": {
      "version": "3.7.3",
      "resolved": "https://registry.npmjs.org/typescript/-/typescript-3.7.3.tgz",
      "integrity": "sha512-Mcr/Qk7hXqFBXMN7p7Lusj1ktCBydylfQM/FZCk5glCNQJrCUKPkMHdo9R0MTFWsC/4kPFvDS0fDPvukfCkFsw==",
      "dev": true
    },
    "url": {
      "version": "0.10.3",
      "resolved": "https://registry.npmjs.org/url/-/url-0.10.3.tgz",
      "integrity": "sha1-Ah5NnHcF8hu/N9A861h2dAJ3TGQ=",
      "requires": {
        "punycode": "1.3.2",
        "querystring": "0.2.0"
      }
    },
    "uuid": {
      "version": "3.3.2",
      "resolved": "https://registry.npmjs.org/uuid/-/uuid-3.3.2.tgz",
      "integrity": "sha512-yXJmeNaw3DnnKAOKJE51sL/ZaYfWJRl1pK9dr19YFCu0ObS231AB1/LbqTKRAQ5kw8A90rA6fr4riOUpTZvQZA=="
    },
    "wrappy": {
      "version": "1.0.2",
      "resolved": "https://registry.npmjs.org/wrappy/-/wrappy-1.0.2.tgz",
      "integrity": "sha1-tSQ9jz7BqjXxNkYFvA0QNuMKtp8=",
      "optional": true
    },
    "xml2js": {
      "version": "0.4.19",
      "resolved": "https://registry.npmjs.org/xml2js/-/xml2js-0.4.19.tgz",
      "integrity": "sha512-esZnJZJOiJR9wWKMyuvSE1y6Dq5LCuJanqhxslH2bxM6duahNZ+HMpCLhBQGZkbX6xRf8x1Y2eJlgt2q3qo49Q==",
      "requires": {
        "sax": ">=0.6.0",
        "xmlbuilder": "~9.0.1"
      }
    },
    "xmlbuilder": {
      "version": "9.0.7",
      "resolved": "https://registry.npmjs.org/xmlbuilder/-/xmlbuilder-9.0.7.tgz",
      "integrity": "sha1-Ey7mPS7FVlxVfiD0wi35rKaGsQ0="
    }
  }
}
